
Microsoft Visual Studio Solution File, Format Version 12.00
# Visual Studio 15
VisualStudioVersion = 15.0.27130.2020
MinimumVisualStudioVersion = 10.0.40219.1
Project("{9A19103F-16F7-4668-BE54-9A1E7A4F7556}") = "sunamo", "..\sunamo\sunamo\sunamo.csproj", "{5CD45672-5864-42BC-ADFC-994B68821EAB}"
EndProject
Project("{FAE04EC0-301F-11D3-BF4B-00C04F79EFBC}") = "shared", "..\sunamo\shared\shared.csproj", "{77719C0D-7C8B-4B9E-A644-AEE7CEB35134}"
EndProject
Project("{FAE04EC0-301F-11D3-BF4B-00C04F79EFBC}") = "desktop", "..\sunamo\desktop\desktop.csproj", "{772CACC2-80F3-4948-A443-3043195836E2}"
EndProject
Project("{9A19103F-16F7-4668-BE54-9A1E7A4F7556}") = "CoreFx.Tests", "CoreFx.Tests\CoreFx.Tests.csproj", "{86839F91-4BD4-43A5-9949-52A6BE0568A7}"
EndProject
Project("{FAE04EC0-301F-11D3-BF4B-00C04F79EFBC}") = "research", "..\sunamo\research\research.csproj", "{AE29610A-802D-4C92-8197-1B5F8A293170}"
EndProject
Project("{9A19103F-16F7-4668-BE54-9A1E7A4F7556}") = "shared.Tests", "shared.Tests\shared.Tests.csproj", "{F94E9191-D312-4741-898A-7C844163BA24}"
EndProject
Project("{9A19103F-16F7-4668-BE54-9A1E7A4F7556}") = "SunamoYaml", "..\sunamo\SunamoYaml\SunamoYaml.csproj", "{D58DE9E5-17F0-4CC1-8B6B-6EEA634D8F4A}"
EndProject
Project("{9A19103F-16F7-4668-BE54-9A1E7A4F7556}") = "SunamoYaml.Tests", "SunamoYaml.Tests\SunamoYaml.Tests.csproj", "{4C66C385-380C-447A-A666-65D0F47A0FF4}"
EndProject
Project("{9A19103F-16F7-4668-BE54-9A1E7A4F7556}") = "win", "..\sunamo\win\win.csproj", "{BEE17656-B10C-42B2-B3A4-70208323E3D7}"
EndProject
Project("{FAE04EC0-301F-11D3-BF4B-00C04F79EFBC}") = "win.Tests", "win.Tests\win.Tests.csproj", "{AA991057-5581-4173-8E8D-6DF4FCBA5336}"
EndProject
Project("{9A19103F-16F7-4668-BE54-9A1E7A4F7556}") = "SunamoIni.Tests", "SunamoIni.Tests\SunamoIni.Tests.csproj", "{7724B88B-AB61-4504-9BBB-784179BD124B}"
EndProject
Project("{FAE04EC0-301F-11D3-BF4B-00C04F79EFBC}") = "SunamoIni", "..\sunamo\SunamoIni\SunamoIni.csproj", "{B6722A85-FFDD-4BDE-9006-212BF93553BC}"
EndProject
Project("{9A19103F-16F7-4668-BE54-9A1E7A4F7556}") = "SunamoTidy.Tests", "SunamoTidy.Tests\SunamoTidy.Tests.csproj", "{DA1398AF-6AC6-4F3A-9975-46A9C77E808C}"
EndProject
Project("{9A19103F-16F7-4668-BE54-9A1E7A4F7556}") = "Roslyn.Tests", "Roslyn.Tests\Roslyn.Tests.csproj", "{F7A97B81-42FF-4AD9-94F9-84BFBBDE2432}"
EndProject
Project("{9A19103F-16F7-4668-BE54-9A1E7A4F7556}") = "Roslyn", "..\sunamo\Roslyn\Roslyn\Roslyn.csproj", "{82632D2A-6313-4811-ACE7-F6299E30A994}"
EndProject
Project("{9A19103F-16F7-4668-BE54-9A1E7A4F7556}") = "AsyncExceptions", "AsyncExceptions\AsyncExceptions.csproj", "{806133E6-CB0C-426D-82B1-F80B388C04DC}"
EndProject
Project("{FAE04EC0-301F-11D3-BF4B-00C04F79EFBC}") = "desktop.Tests", "desktop.Tests\desktop.Tests.csproj", "{45683530-6FB0-48B3-8ED4-E1F767334747}"
EndProject
Project("{FAE04EC0-301F-11D3-BF4B-00C04F79EFBC}") = "sunamo.Tests.Data", "sunamo.Tests.Data\sunamo.Tests.Data.csproj", "{BFA788FF-6178-45F0-877B-8F9A8AA95767}"
EndProject
Project("{9A19103F-16F7-4668-BE54-9A1E7A4F7556}") = "SunamoSqlite.Tests", "SunamoSqlite.Tests\SunamoSqlite.Tests.csproj", "{F5BF660D-5CBB-4468-80F5-F36A2D43E11E}"
EndProject
Project("{9A19103F-16F7-4668-BE54-9A1E7A4F7556}") = "SunamoSqlite", "..\sunamo\SunamoSqlite\SunamoSqlite.csproj", "{EAF6B67E-002A-45DB-9536-BA500B504F50}"
EndProject
Project("{9A19103F-16F7-4668-BE54-9A1E7A4F7556}") = "sunamo.Tests", "sunamo.Tests\sunamo.Tests.csproj", "{1F47538C-CE34-41D0-A545-A7C5F89E8F12}"
EndProject
Project("{9A19103F-16F7-4668-BE54-9A1E7A4F7556}") = "SunamoCode", "..\sunamo\SunamoCode\SunamoCode.csproj", "{13CE8EBB-4822-4BD3-8A78-ABD785A6C12A}"
EndProject
Project("{FAE04EC0-301F-11D3-BF4B-00C04F79EFBC}") = "SunamoCode.Tests", "SunamoCode.Tests\SunamoCode.Tests.csproj", "{BD09DA36-EAEB-44BD-8F9F-22A356F482D4}"
EndProject
Global
	GlobalSection(SolutionConfigurationPlatforms) = preSolution
		Debug|Any CPU = Debug|Any CPU
		Debug|x64 = Debug|x64
		Debug|x86 = Debug|x86
		Release|Any CPU = Release|Any CPU
		Release|x64 = Release|x64
		Release|x86 = Release|x86
	EndGlobalSection
	GlobalSection(ProjectConfigurationPlatforms) = postSolution
		{5CD45672-5864-42BC-ADFC-994B68821EAB}.Debug|Any CPU.ActiveCfg = Debug|Any CPU
		{5CD45672-5864-42BC-ADFC-994B68821EAB}.Debug|Any CPU.Build.0 = Debug|Any CPU
		{5CD45672-5864-42BC-ADFC-994B68821EAB}.Debug|x64.ActiveCfg = Debug|Any CPU
		{5CD45672-5864-42BC-ADFC-994B68821EAB}.Debug|x64.Build.0 = Debug|Any CPU
		{5CD45672-5864-42BC-ADFC-994B68821EAB}.Debug|x86.ActiveCfg = Debug|Any CPU
		{5CD45672-5864-42BC-ADFC-994B68821EAB}.Debug|x86.Build.0 = Debug|Any CPU
		{5CD45672-5864-42BC-ADFC-994B68821EAB}.Release|Any CPU.ActiveCfg = Release|Any CPU
		{5CD45672-5864-42BC-ADFC-994B68821EAB}.Release|Any CPU.Build.0 = Release|Any CPU
		{5CD45672-5864-42BC-ADFC-994B68821EAB}.Release|x64.ActiveCfg = Release|Any CPU
		{5CD45672-5864-42BC-ADFC-994B68821EAB}.Release|x64.Build.0 = Release|Any CPU
		{5CD45672-5864-42BC-ADFC-994B68821EAB}.Release|x86.ActiveCfg = Release|Any CPU
		{5CD45672-5864-42BC-ADFC-994B68821EAB}.Release|x86.Build.0 = Release|Any CPU
		{77719C0D-7C8B-4B9E-A644-AEE7CEB35134}.Debug|Any CPU.ActiveCfg = Debug|Any CPU
		{77719C0D-7C8B-4B9E-A644-AEE7CEB35134}.Debug|Any CPU.Build.0 = Debug|Any CPU
		{77719C0D-7C8B-4B9E-A644-AEE7CEB35134}.Debug|x64.ActiveCfg = Debug|x64
		{77719C0D-7C8B-4B9E-A644-AEE7CEB35134}.Debug|x64.Build.0 = Debug|x64
		{77719C0D-7C8B-4B9E-A644-AEE7CEB35134}.Debug|x86.ActiveCfg = Debug|x86
		{77719C0D-7C8B-4B9E-A644-AEE7CEB35134}.Debug|x86.Build.0 = Debug|x86
		{77719C0D-7C8B-4B9E-A644-AEE7CEB35134}.Release|Any CPU.ActiveCfg = Release|Any CPU
		{77719C0D-7C8B-4B9E-A644-AEE7CEB35134}.Release|Any CPU.Build.0 = Release|Any CPU
		{77719C0D-7C8B-4B9E-A644-AEE7CEB35134}.Release|x64.ActiveCfg = Release|x64
		{77719C0D-7C8B-4B9E-A644-AEE7CEB35134}.Release|x64.Build.0 = Release|x64
		{77719C0D-7C8B-4B9E-A644-AEE7CEB35134}.Release|x86.ActiveCfg = Release|x86
		{77719C0D-7C8B-4B9E-A644-AEE7CEB35134}.Release|x86.Build.0 = Release|x86
		{772CACC2-80F3-4948-A443-3043195836E2}.Debug|Any CPU.ActiveCfg = Debug|Any CPU
		{772CACC2-80F3-4948-A443-3043195836E2}.Debug|Any CPU.Build.0 = Debug|Any CPU
		{772CACC2-80F3-4948-A443-3043195836E2}.Debug|x64.ActiveCfg = Debug|x64
		{772CACC2-80F3-4948-A443-3043195836E2}.Debug|x64.Build.0 = Debug|x64
		{772CACC2-80F3-4948-A443-3043195836E2}.Debug|x86.ActiveCfg = Debug|x86
		{772CACC2-80F3-4948-A443-3043195836E2}.Debug|x86.Build.0 = Debug|x86
		{772CACC2-80F3-4948-A443-3043195836E2}.Release|Any CPU.ActiveCfg = Release|Any CPU
		{772CACC2-80F3-4948-A443-3043195836E2}.Release|Any CPU.Build.0 = Release|Any CPU
		{772CACC2-80F3-4948-A443-3043195836E2}.Release|x64.ActiveCfg = Release|x64
		{772CACC2-80F3-4948-A443-3043195836E2}.Release|x64.Build.0 = Release|x64
		{772CACC2-80F3-4948-A443-3043195836E2}.Release|x86.ActiveCfg = Release|x86
		{772CACC2-80F3-4948-A443-3043195836E2}.Release|x86.Build.0 = Release|x86
		{86839F91-4BD4-43A5-9949-52A6BE0568A7}.Debug|Any CPU.ActiveCfg = Debug|Any CPU
		{86839F91-4BD4-43A5-9949-52A6BE0568A7}.Debug|Any CPU.Build.0 = Debug|Any CPU
		{86839F91-4BD4-43A5-9949-52A6BE0568A7}.Debug|x64.ActiveCfg = Debug|Any CPU
		{86839F91-4BD4-43A5-9949-52A6BE0568A7}.Debug|x64.Build.0 = Debug|Any CPU
		{86839F91-4BD4-43A5-9949-52A6BE0568A7}.Debug|x86.ActiveCfg = Debug|Any CPU
		{86839F91-4BD4-43A5-9949-52A6BE0568A7}.Debug|x86.Build.0 = Debug|Any CPU
		{86839F91-4BD4-43A5-9949-52A6BE0568A7}.Release|Any CPU.ActiveCfg = Release|Any CPU
		{86839F91-4BD4-43A5-9949-52A6BE0568A7}.Release|Any CPU.Build.0 = Release|Any CPU
		{86839F91-4BD4-43A5-9949-52A6BE0568A7}.Release|x64.ActiveCfg = Release|Any CPU
		{86839F91-4BD4-43A5-9949-52A6BE0568A7}.Release|x64.Build.0 = Release|Any CPU
		{86839F91-4BD4-43A5-9949-52A6BE0568A7}.Release|x86.ActiveCfg = Release|Any CPU
		{86839F91-4BD4-43A5-9949-52A6BE0568A7}.Release|x86.Build.0 = Release|Any CPU
		{AE29610A-802D-4C92-8197-1B5F8A293170}.Debug|Any CPU.ActiveCfg = Debug|Any CPU
		{AE29610A-802D-4C92-8197-1B5F8A293170}.Debug|Any CPU.Build.0 = Debug|Any CPU
		{AE29610A-802D-4C92-8197-1B5F8A293170}.Debug|x64.ActiveCfg = Debug|Any CPU
		{AE29610A-802D-4C92-8197-1B5F8A293170}.Debug|x64.Build.0 = Debug|Any CPU
		{AE29610A-802D-4C92-8197-1B5F8A293170}.Debug|x86.ActiveCfg = Debug|Any CPU
		{AE29610A-802D-4C92-8197-1B5F8A293170}.Debug|x86.Build.0 = Debug|Any CPU
		{AE29610A-802D-4C92-8197-1B5F8A293170}.Release|Any CPU.ActiveCfg = Release|Any CPU
		{AE29610A-802D-4C92-8197-1B5F8A293170}.Release|Any CPU.Build.0 = Release|Any CPU
		{AE29610A-802D-4C92-8197-1B5F8A293170}.Release|x64.ActiveCfg = Release|Any CPU
		{AE29610A-802D-4C92-8197-1B5F8A293170}.Release|x64.Build.0 = Release|Any CPU
		{AE29610A-802D-4C92-8197-1B5F8A293170}.Release|x86.ActiveCfg = Release|Any CPU
		{AE29610A-802D-4C92-8197-1B5F8A293170}.Release|x86.Build.0 = Release|Any CPU
		{F94E9191-D312-4741-898A-7C844163BA24}.Debug|Any CPU.ActiveCfg = Debug|Any CPU
		{F94E9191-D312-4741-898A-7C844163BA24}.Debug|Any CPU.Build.0 = Debug|Any CPU
		{F94E9191-D312-4741-898A-7C844163BA24}.Debug|x64.ActiveCfg = Debug|Any CPU
		{F94E9191-D312-4741-898A-7C844163BA24}.Debug|x64.Build.0 = Debug|Any CPU
		{F94E9191-D312-4741-898A-7C844163BA24}.Debug|x86.ActiveCfg = Debug|Any CPU
		{F94E9191-D312-4741-898A-7C844163BA24}.Debug|x86.Build.0 = Debug|Any CPU
		{F94E9191-D312-4741-898A-7C844163BA24}.Release|Any CPU.ActiveCfg = Release|Any CPU
		{F94E9191-D312-4741-898A-7C844163BA24}.Release|Any CPU.Build.0 = Release|Any CPU
		{F94E9191-D312-4741-898A-7C844163BA24}.Release|x64.ActiveCfg = Release|Any CPU
		{F94E9191-D312-4741-898A-7C844163BA24}.Release|x64.Build.0 = Release|Any CPU
		{F94E9191-D312-4741-898A-7C844163BA24}.Release|x86.ActiveCfg = Release|Any CPU
		{F94E9191-D312-4741-898A-7C844163BA24}.Release|x86.Build.0 = Release|Any CPU
		{D58DE9E5-17F0-4CC1-8B6B-6EEA634D8F4A}.Debug|Any CPU.ActiveCfg = Debug|Any CPU
		{D58DE9E5-17F0-4CC1-8B6B-6EEA634D8F4A}.Debug|Any CPU.Build.0 = Debug|Any CPU
		{D58DE9E5-17F0-4CC1-8B6B-6EEA634D8F4A}.Debug|x64.ActiveCfg = Debug|Any CPU
		{D58DE9E5-17F0-4CC1-8B6B-6EEA634D8F4A}.Debug|x64.Build.0 = Debug|Any CPU
		{D58DE9E5-17F0-4CC1-8B6B-6EEA634D8F4A}.Debug|x86.ActiveCfg = Debug|Any CPU
		{D58DE9E5-17F0-4CC1-8B6B-6EEA634D8F4A}.Debug|x86.Build.0 = Debug|Any CPU
		{D58DE9E5-17F0-4CC1-8B6B-6EEA634D8F4A}.Release|Any CPU.ActiveCfg = Release|Any CPU
		{D58DE9E5-17F0-4CC1-8B6B-6EEA634D8F4A}.Release|Any CPU.Build.0 = Release|Any CPU
		{D58DE9E5-17F0-4CC1-8B6B-6EEA634D8F4A}.Release|x64.ActiveCfg = Release|Any CPU
		{D58DE9E5-17F0-4CC1-8B6B-6EEA634D8F4A}.Release|x64.Build.0 = Release|Any CPU
		{D58DE9E5-17F0-4CC1-8B6B-6EEA634D8F4A}.Release|x86.ActiveCfg = Release|Any CPU
		{D58DE9E5-17F0-4CC1-8B6B-6EEA634D8F4A}.Release|x86.Build.0 = Release|Any CPU
		{4C66C385-380C-447A-A666-65D0F47A0FF4}.Debug|Any CPU.ActiveCfg = Debug|Any CPU
		{4C66C385-380C-447A-A666-65D0F47A0FF4}.Debug|Any CPU.Build.0 = Debug|Any CPU
		{4C66C385-380C-447A-A666-65D0F47A0FF4}.Debug|x64.ActiveCfg = Debug|Any CPU
		{4C66C385-380C-447A-A666-65D0F47A0FF4}.Debug|x64.Build.0 = Debug|Any CPU
		{4C66C385-380C-447A-A666-65D0F47A0FF4}.Debug|x86.ActiveCfg = Debug|Any CPU
		{4C66C385-380C-447A-A666-65D0F47A0FF4}.Debug|x86.Build.0 = Debug|Any CPU
		{4C66C385-380C-447A-A666-65D0F47A0FF4}.Release|Any CPU.ActiveCfg = Release|Any CPU
		{4C66C385-380C-447A-A666-65D0F47A0FF4}.Release|Any CPU.Build.0 = Release|Any CPU
		{4C66C385-380C-447A-A666-65D0F47A0FF4}.Release|x64.ActiveCfg = Release|Any CPU
		{4C66C385-380C-447A-A666-65D0F47A0FF4}.Release|x64.Build.0 = Release|Any CPU
		{4C66C385-380C-447A-A666-65D0F47A0FF4}.Release|x86.ActiveCfg = Release|Any CPU
		{4C66C385-380C-447A-A666-65D0F47A0FF4}.Release|x86.Build.0 = Release|Any CPU
		{BEE17656-B10C-42B2-B3A4-70208323E3D7}.Debug|Any CPU.ActiveCfg = Debug|Any CPU
		{BEE17656-B10C-42B2-B3A4-70208323E3D7}.Debug|Any CPU.Build.0 = Debug|Any CPU
		{BEE17656-B10C-42B2-B3A4-70208323E3D7}.Debug|x64.ActiveCfg = Debug|Any CPU
		{BEE17656-B10C-42B2-B3A4-70208323E3D7}.Debug|x64.Build.0 = Debug|Any CPU
		{BEE17656-B10C-42B2-B3A4-70208323E3D7}.Debug|x86.ActiveCfg = Debug|Any CPU
		{BEE17656-B10C-42B2-B3A4-70208323E3D7}.Debug|x86.Build.0 = Debug|Any CPU
		{BEE17656-B10C-42B2-B3A4-70208323E3D7}.Release|Any CPU.ActiveCfg = Release|Any CPU
		{BEE17656-B10C-42B2-B3A4-70208323E3D7}.Release|Any CPU.Build.0 = Release|Any CPU
		{BEE17656-B10C-42B2-B3A4-70208323E3D7}.Release|x64.ActiveCfg = Release|Any CPU
		{BEE17656-B10C-42B2-B3A4-70208323E3D7}.Release|x64.Build.0 = Release|Any CPU
		{BEE17656-B10C-42B2-B3A4-70208323E3D7}.Release|x86.ActiveCfg = Release|Any CPU
		{BEE17656-B10C-42B2-B3A4-70208323E3D7}.Release|x86.Build.0 = Release|Any CPU
		{AA991057-5581-4173-8E8D-6DF4FCBA5336}.Debug|Any CPU.ActiveCfg = Debug|Any CPU
		{AA991057-5581-4173-8E8D-6DF4FCBA5336}.Debug|Any CPU.Build.0 = Debug|Any CPU
		{AA991057-5581-4173-8E8D-6DF4FCBA5336}.Debug|x64.ActiveCfg = Debug|Any CPU
		{AA991057-5581-4173-8E8D-6DF4FCBA5336}.Debug|x64.Build.0 = Debug|Any CPU
		{AA991057-5581-4173-8E8D-6DF4FCBA5336}.Debug|x86.ActiveCfg = Debug|Any CPU
		{AA991057-5581-4173-8E8D-6DF4FCBA5336}.Debug|x86.Build.0 = Debug|Any CPU
		{AA991057-5581-4173-8E8D-6DF4FCBA5336}.Release|Any CPU.ActiveCfg = Release|Any CPU
		{AA991057-5581-4173-8E8D-6DF4FCBA5336}.Release|Any CPU.Build.0 = Release|Any CPU
		{AA991057-5581-4173-8E8D-6DF4FCBA5336}.Release|x64.ActiveCfg = Release|Any CPU
		{AA991057-5581-4173-8E8D-6DF4FCBA5336}.Release|x64.Build.0 = Release|Any CPU
		{AA991057-5581-4173-8E8D-6DF4FCBA5336}.Release|x86.ActiveCfg = Release|Any CPU
		{AA991057-5581-4173-8E8D-6DF4FCBA5336}.Release|x86.Build.0 = Release|Any CPU
		{7724B88B-AB61-4504-9BBB-784179BD124B}.Debug|Any CPU.ActiveCfg = Debug|Any CPU
		{7724B88B-AB61-4504-9BBB-784179BD124B}.Debug|Any CPU.Build.0 = Debug|Any CPU
		{7724B88B-AB61-4504-9BBB-784179BD124B}.Debug|x64.ActiveCfg = Debug|Any CPU
		{7724B88B-AB61-4504-9BBB-784179BD124B}.Debug|x64.Build.0 = Debug|Any CPU
		{7724B88B-AB61-4504-9BBB-784179BD124B}.Debug|x86.ActiveCfg = Debug|Any CPU
		{7724B88B-AB61-4504-9BBB-784179BD124B}.Debug|x86.Build.0 = Debug|Any CPU
		{7724B88B-AB61-4504-9BBB-784179BD124B}.Release|Any CPU.ActiveCfg = Release|Any CPU
		{7724B88B-AB61-4504-9BBB-784179BD124B}.Release|Any CPU.Build.0 = Release|Any CPU
		{7724B88B-AB61-4504-9BBB-784179BD124B}.Release|x64.ActiveCfg = Release|Any CPU
		{7724B88B-AB61-4504-9BBB-784179BD124B}.Release|x64.Build.0 = Release|Any CPU
		{7724B88B-AB61-4504-9BBB-784179BD124B}.Release|x86.ActiveCfg = Release|Any CPU
		{7724B88B-AB61-4504-9BBB-784179BD124B}.Release|x86.Build.0 = Release|Any CPU
		{B6722A85-FFDD-4BDE-9006-212BF93553BC}.Debug|Any CPU.ActiveCfg = Debug|Any CPU
		{B6722A85-FFDD-4BDE-9006-212BF93553BC}.Debug|Any CPU.Build.0 = Debug|Any CPU
		{B6722A85-FFDD-4BDE-9006-212BF93553BC}.Debug|x64.ActiveCfg = Debug|x64
		{B6722A85-FFDD-4BDE-9006-212BF93553BC}.Debug|x64.Build.0 = Debug|x64
		{B6722A85-FFDD-4BDE-9006-212BF93553BC}.Debug|x86.ActiveCfg = Debug|x86
		{B6722A85-FFDD-4BDE-9006-212BF93553BC}.Debug|x86.Build.0 = Debug|x86
		{B6722A85-FFDD-4BDE-9006-212BF93553BC}.Release|Any CPU.ActiveCfg = Release|Any CPU
		{B6722A85-FFDD-4BDE-9006-212BF93553BC}.Release|Any CPU.Build.0 = Release|Any CPU
		{B6722A85-FFDD-4BDE-9006-212BF93553BC}.Release|x64.ActiveCfg = Release|x64
		{B6722A85-FFDD-4BDE-9006-212BF93553BC}.Release|x64.Build.0 = Release|x64
		{B6722A85-FFDD-4BDE-9006-212BF93553BC}.Release|x86.ActiveCfg = Release|x86
		{B6722A85-FFDD-4BDE-9006-212BF93553BC}.Release|x86.Build.0 = Release|x86
		{DA1398AF-6AC6-4F3A-9975-46A9C77E808C}.Debug|Any CPU.ActiveCfg = Debug|Any CPU
		{DA1398AF-6AC6-4F3A-9975-46A9C77E808C}.Debug|Any CPU.Build.0 = Debug|Any CPU
		{DA1398AF-6AC6-4F3A-9975-46A9C77E808C}.Debug|x64.ActiveCfg = Debug|Any CPU
		{DA1398AF-6AC6-4F3A-9975-46A9C77E808C}.Debug|x64.Build.0 = Debug|Any CPU
		{DA1398AF-6AC6-4F3A-9975-46A9C77E808C}.Debug|x86.ActiveCfg = Debug|Any CPU
		{DA1398AF-6AC6-4F3A-9975-46A9C77E808C}.Debug|x86.Build.0 = Debug|Any CPU
		{DA1398AF-6AC6-4F3A-9975-46A9C77E808C}.Release|Any CPU.ActiveCfg = Release|Any CPU
		{DA1398AF-6AC6-4F3A-9975-46A9C77E808C}.Release|Any CPU.Build.0 = Release|Any CPU
		{DA1398AF-6AC6-4F3A-9975-46A9C77E808C}.Release|x64.ActiveCfg = Release|Any CPU
		{DA1398AF-6AC6-4F3A-9975-46A9C77E808C}.Release|x64.Build.0 = Release|Any CPU
		{DA1398AF-6AC6-4F3A-9975-46A9C77E808C}.Release|x86.ActiveCfg = Release|Any CPU
		{DA1398AF-6AC6-4F3A-9975-46A9C77E808C}.Release|x86.Build.0 = Release|Any CPU
		{F7A97B81-42FF-4AD9-94F9-84BFBBDE2432}.Debug|Any CPU.ActiveCfg = Debug|Any CPU
		{F7A97B81-42FF-4AD9-94F9-84BFBBDE2432}.Debug|Any CPU.Build.0 = Debug|Any CPU
		{F7A97B81-42FF-4AD9-94F9-84BFBBDE2432}.Debug|x64.ActiveCfg = Debug|Any CPU
		{F7A97B81-42FF-4AD9-94F9-84BFBBDE2432}.Debug|x64.Build.0 = Debug|Any CPU
		{F7A97B81-42FF-4AD9-94F9-84BFBBDE2432}.Debug|x86.ActiveCfg = Debug|Any CPU
		{F7A97B81-42FF-4AD9-94F9-84BFBBDE2432}.Debug|x86.Build.0 = Debug|Any CPU
		{F7A97B81-42FF-4AD9-94F9-84BFBBDE2432}.Release|Any CPU.ActiveCfg = Release|Any CPU
		{F7A97B81-42FF-4AD9-94F9-84BFBBDE2432}.Release|Any CPU.Build.0 = Release|Any CPU
		{F7A97B81-42FF-4AD9-94F9-84BFBBDE2432}.Release|x64.ActiveCfg = Release|Any CPU
		{F7A97B81-42FF-4AD9-94F9-84BFBBDE2432}.Release|x64.Build.0 = Release|Any CPU
		{F7A97B81-42FF-4AD9-94F9-84BFBBDE2432}.Release|x86.ActiveCfg = Release|Any CPU
		{F7A97B81-42FF-4AD9-94F9-84BFBBDE2432}.Release|x86.Build.0 = Release|Any CPU
		{82632D2A-6313-4811-ACE7-F6299E30A994}.Debug|Any CPU.ActiveCfg = Debug|Any CPU
		{82632D2A-6313-4811-ACE7-F6299E30A994}.Debug|Any CPU.Build.0 = Debug|Any CPU
		{82632D2A-6313-4811-ACE7-F6299E30A994}.Debug|x64.ActiveCfg = Debug|Any CPU
		{82632D2A-6313-4811-ACE7-F6299E30A994}.Debug|x64.Build.0 = Debug|Any CPU
		{82632D2A-6313-4811-ACE7-F6299E30A994}.Debug|x86.ActiveCfg = Debug|Any CPU
		{82632D2A-6313-4811-ACE7-F6299E30A994}.Debug|x86.Build.0 = Debug|Any CPU
		{82632D2A-6313-4811-ACE7-F6299E30A994}.Release|Any CPU.ActiveCfg = Release|Any CPU
		{82632D2A-6313-4811-ACE7-F6299E30A994}.Release|Any CPU.Build.0 = Release|Any CPU
		{82632D2A-6313-4811-ACE7-F6299E30A994}.Release|x64.ActiveCfg = Release|Any CPU
		{82632D2A-6313-4811-ACE7-F6299E30A994}.Release|x64.Build.0 = Release|Any CPU
		{82632D2A-6313-4811-ACE7-F6299E30A994}.Release|x86.ActiveCfg = Release|Any CPU
		{82632D2A-6313-4811-ACE7-F6299E30A994}.Release|x86.Build.0 = Release|Any CPU
		{806133E6-CB0C-426D-82B1-F80B388C04DC}.Debug|Any CPU.ActiveCfg = Debug|Any CPU
		{806133E6-CB0C-426D-82B1-F80B388C04DC}.Debug|Any CPU.Build.0 = Debug|Any CPU
		{806133E6-CB0C-426D-82B1-F80B388C04DC}.Debug|x64.ActiveCfg = Debug|Any CPU
		{806133E6-CB0C-426D-82B1-F80B388C04DC}.Debug|x64.Build.0 = Debug|Any CPU
		{806133E6-CB0C-426D-82B1-F80B388C04DC}.Debug|x86.ActiveCfg = Debug|Any CPU
		{806133E6-CB0C-426D-82B1-F80B388C04DC}.Debug|x86.Build.0 = Debug|Any CPU
		{806133E6-CB0C-426D-82B1-F80B388C04DC}.Release|Any CPU.ActiveCfg = Release|Any CPU
		{806133E6-CB0C-426D-82B1-F80B388C04DC}.Release|Any CPU.Build.0 = Release|Any CPU
		{806133E6-CB0C-426D-82B1-F80B388C04DC}.Release|x64.ActiveCfg = Release|Any CPU
		{806133E6-CB0C-426D-82B1-F80B388C04DC}.Release|x64.Build.0 = Release|Any CPU
		{806133E6-CB0C-426D-82B1-F80B388C04DC}.Release|x86.ActiveCfg = Release|Any CPU
		{806133E6-CB0C-426D-82B1-F80B388C04DC}.Release|x86.Build.0 = Release|Any CPU
		{45683530-6FB0-48B3-8ED4-E1F767334747}.Debug|Any CPU.ActiveCfg = Debug|Any CPU
		{45683530-6FB0-48B3-8ED4-E1F767334747}.Debug|Any CPU.Build.0 = Debug|Any CPU
		{45683530-6FB0-48B3-8ED4-E1F767334747}.Debug|x64.ActiveCfg = Debug|Any CPU
		{45683530-6FB0-48B3-8ED4-E1F767334747}.Debug|x64.Build.0 = Debug|Any CPU
		{45683530-6FB0-48B3-8ED4-E1F767334747}.Debug|x86.ActiveCfg = Debug|Any CPU
		{45683530-6FB0-48B3-8ED4-E1F767334747}.Debug|x86.Build.0 = Debug|Any CPU
		{45683530-6FB0-48B3-8ED4-E1F767334747}.Release|Any CPU.ActiveCfg = Release|Any CPU
		{45683530-6FB0-48B3-8ED4-E1F767334747}.Release|Any CPU.Build.0 = Release|Any CPU
		{45683530-6FB0-48B3-8ED4-E1F767334747}.Release|x64.ActiveCfg = Release|Any CPU
		{45683530-6FB0-48B3-8ED4-E1F767334747}.Release|x64.Build.0 = Release|Any CPU
		{45683530-6FB0-48B3-8ED4-E1F767334747}.Release|x86.ActiveCfg = Release|Any CPU
		{45683530-6FB0-48B3-8ED4-E1F767334747}.Release|x86.Build.0 = Release|Any CPU
		{BFA788FF-6178-45F0-877B-8F9A8AA95767}.Debug|Any CPU.ActiveCfg = Debug|Any CPU
		{BFA788FF-6178-45F0-877B-8F9A8AA95767}.Debug|Any CPU.Build.0 = Debug|Any CPU
		{BFA788FF-6178-45F0-877B-8F9A8AA95767}.Debug|x64.ActiveCfg = Debug|Any CPU
		{BFA788FF-6178-45F0-877B-8F9A8AA95767}.Debug|x64.Build.0 = Debug|Any CPU
		{BFA788FF-6178-45F0-877B-8F9A8AA95767}.Debug|x86.ActiveCfg = Debug|Any CPU
		{BFA788FF-6178-45F0-877B-8F9A8AA95767}.Debug|x86.Build.0 = Debug|Any CPU
		{BFA788FF-6178-45F0-877B-8F9A8AA95767}.Release|Any CPU.ActiveCfg = Release|Any CPU
		{BFA788FF-6178-45F0-877B-8F9A8AA95767}.Release|Any CPU.Build.0 = Release|Any CPU
		{BFA788FF-6178-45F0-877B-8F9A8AA95767}.Release|x64.ActiveCfg = Release|Any CPU
		{BFA788FF-6178-45F0-877B-8F9A8AA95767}.Release|x64.Build.0 = Release|Any CPU
		{BFA788FF-6178-45F0-877B-8F9A8AA95767}.Release|x86.ActiveCfg = Release|Any CPU
		{BFA788FF-6178-45F0-877B-8F9A8AA95767}.Release|x86.Build.0 = Release|Any CPU
		{F5BF660D-5CBB-4468-80F5-F36A2D43E11E}.Debug|Any CPU.ActiveCfg = Debug|Any CPU
		{F5BF660D-5CBB-4468-80F5-F36A2D43E11E}.Debug|Any CPU.Build.0 = Debug|Any CPU
		{F5BF660D-5CBB-4468-80F5-F36A2D43E11E}.Debug|x64.ActiveCfg = Debug|Any CPU
		{F5BF660D-5CBB-4468-80F5-F36A2D43E11E}.Debug|x64.Build.0 = Debug|Any CPU
		{F5BF660D-5CBB-4468-80F5-F36A2D43E11E}.Debug|x86.ActiveCfg = Debug|Any CPU
		{F5BF660D-5CBB-4468-80F5-F36A2D43E11E}.Debug|x86.Build.0 = Debug|Any CPU
		{F5BF660D-5CBB-4468-80F5-F36A2D43E11E}.Release|Any CPU.ActiveCfg = Release|Any CPU
		{F5BF660D-5CBB-4468-80F5-F36A2D43E11E}.Release|Any CPU.Build.0 = Release|Any CPU
		{F5BF660D-5CBB-4468-80F5-F36A2D43E11E}.Release|x64.ActiveCfg = Release|Any CPU
		{F5BF660D-5CBB-4468-80F5-F36A2D43E11E}.Release|x64.Build.0 = Release|Any CPU
		{F5BF660D-5CBB-4468-80F5-F36A2D43E11E}.Release|x86.ActiveCfg = Release|Any CPU
		{F5BF660D-5CBB-4468-80F5-F36A2D43E11E}.Release|x86.Build.0 = Release|Any CPU
		{EAF6B67E-002A-45DB-9536-BA500B504F50}.Debug|Any CPU.ActiveCfg = Debug|Any CPU
		{EAF6B67E-002A-45DB-9536-BA500B504F50}.Debug|Any CPU.Build.0 = Debug|Any CPU
		{EAF6B67E-002A-45DB-9536-BA500B504F50}.Debug|x64.ActiveCfg = Debug|Any CPU
		{EAF6B67E-002A-45DB-9536-BA500B504F50}.Debug|x64.Build.0 = Debug|Any CPU
		{EAF6B67E-002A-45DB-9536-BA500B504F50}.Debug|x86.ActiveCfg = Debug|Any CPU
		{EAF6B67E-002A-45DB-9536-BA500B504F50}.Debug|x86.Build.0 = Debug|Any CPU
		{EAF6B67E-002A-45DB-9536-BA500B504F50}.Release|Any CPU.ActiveCfg = Release|Any CPU
		{EAF6B67E-002A-45DB-9536-BA500B504F50}.Release|Any CPU.Build.0 = Release|Any CPU
		{EAF6B67E-002A-45DB-9536-BA500B504F50}.Release|x64.ActiveCfg = Release|Any CPU
		{EAF6B67E-002A-45DB-9536-BA500B504F50}.Release|x64.Build.0 = Release|Any CPU
		{EAF6B67E-002A-45DB-9536-BA500B504F50}.Release|x86.ActiveCfg = Release|Any CPU
		{EAF6B67E-002A-45DB-9536-BA500B504F50}.Release|x86.Build.0 = Release|Any CPU
		{1F47538C-CE34-41D0-A545-A7C5F89E8F12}.Debug|Any CPU.ActiveCfg = Debug|Any CPU
		{1F47538C-CE34-41D0-A545-A7C5F89E8F12}.Debug|Any CPU.Build.0 = Debug|Any CPU
		{1F47538C-CE34-41D0-A545-A7C5F89E8F12}.Debug|x64.ActiveCfg = Debug|Any CPU
		{1F47538C-CE34-41D0-A545-A7C5F89E8F12}.Debug|x64.Build.0 = Debug|Any CPU
		{1F47538C-CE34-41D0-A545-A7C5F89E8F12}.Debug|x86.ActiveCfg = Debug|Any CPU
		{1F47538C-CE34-41D0-A545-A7C5F89E8F12}.Debug|x86.Build.0 = Debug|Any CPU
		{1F47538C-CE34-41D0-A545-A7C5F89E8F12}.Release|Any CPU.ActiveCfg = Release|Any CPU
		{1F47538C-CE34-41D0-A545-A7C5F89E8F12}.Release|Any CPU.Build.0 = Release|Any CPU
		{1F47538C-CE34-41D0-A545-A7C5F89E8F12}.Release|x64.ActiveCfg = Release|Any CPU
		{1F47538C-CE34-41D0-A545-A7C5F89E8F12}.Release|x64.Build.0 = Release|Any CPU
		{1F47538C-CE34-41D0-A545-A7C5F89E8F12}.Release|x86.ActiveCfg = Release|Any CPU
		{1F47538C-CE34-41D0-A545-A7C5F89E8F12}.Release|x86.Build.0 = Release|Any CPU
		{13CE8EBB-4822-4BD3-8A78-ABD785A6C12A}.Debug|Any CPU.ActiveCfg = Debug|Any CPU
		{13CE8EBB-4822-4BD3-8A78-ABD785A6C12A}.Debug|Any CPU.Build.0 = Debug|Any CPU
		{13CE8EBB-4822-4BD3-8A78-ABD785A6C12A}.Debug|x64.ActiveCfg = Debug|Any CPU
		{13CE8EBB-4822-4BD3-8A78-ABD785A6C12A}.Debug|x64.Build.0 = Debug|Any CPU
		{13CE8EBB-4822-4BD3-8A78-ABD785A6C12A}.Debug|x86.ActiveCfg = Debug|Any CPU
		{13CE8EBB-4822-4BD3-8A78-ABD785A6C12A}.Debug|x86.Build.0 = Debug|Any CPU
		{13CE8EBB-4822-4BD3-8A78-ABD785A6C12A}.Release|Any CPU.ActiveCfg = Release|Any CPU
		{13CE8EBB-4822-4BD3-8A78-ABD785A6C12A}.Release|Any CPU.Build.0 = Release|Any CPU
		{13CE8EBB-4822-4BD3-8A78-ABD785A6C12A}.Release|x64.ActiveCfg = Release|Any CPU
		{13CE8EBB-4822-4BD3-8A78-ABD785A6C12A}.Release|x64.Build.0 = Release|Any CPU
		{13CE8EBB-4822-4BD3-8A78-ABD785A6C12A}.Release|x86.ActiveCfg = Release|Any CPU
		{13CE8EBB-4822-4BD3-8A78-ABD785A6C12A}.Release|x86.Build.0 = Release|Any CPU
		{BD09DA36-EAEB-44BD-8F9F-22A356F482D4}.Debug|Any CPU.ActiveCfg = Debug|Any CPU
		{BD09DA36-EAEB-44BD-8F9F-22A356F482D4}.Debug|Any CPU.Build.0 = Debug|Any CPU
		{BD09DA36-EAEB-44BD-8F9F-22A356F482D4}.Debug|x64.ActiveCfg = Debug|Any CPU
		{BD09DA36-EAEB-44BD-8F9F-22A356F482D4}.Debug|x64.Build.0 = Debug|Any CPU
		{BD09DA36-EAEB-44BD-8F9F-22A356F482D4}.Debug|x86.ActiveCfg = Debug|Any CPU
		{BD09DA36-EAEB-44BD-8F9F-22A356F482D4}.Debug|x86.Build.0 = Debug|Any CPU
		{BD09DA36-EAEB-44BD-8F9F-22A356F482D4}.Release|Any CPU.ActiveCfg = Release|Any CPU
		{BD09DA36-EAEB-44BD-8F9F-22A356F482D4}.Release|Any CPU.Build.0 = Release|Any CPU
		{BD09DA36-EAEB-44BD-8F9F-22A356F482D4}.Release|x64.ActiveCfg = Release|Any CPU
		{BD09DA36-EAEB-44BD-8F9F-22A356F482D4}.Release|x64.Build.0 = Release|Any CPU
		{BD09DA36-EAEB-44BD-8F9F-22A356F482D4}.Release|x86.ActiveCfg = Release|Any CPU
		{BD09DA36-EAEB-44BD-8F9F-22A356F482D4}.Release|x86.Build.0 = Release|Any CPU
	EndGlobalSection
	GlobalSection(SolutionProperties) = preSolution
		HideSolutionNode = FALSE
	EndGlobalSection
	GlobalSection(ExtensibilityGlobals) = postSolution
		SolutionGuid = {BBF3A9F6-71FA-468C-937C-30DCD27454CE}
	EndGlobalSection
EndGlobal
