Microsoft Visual Studio Solution File, Format Version 12.00
# Visual Studio Version 16
VisualStudioVersion = 16.0.29306.81
MinimumVisualStudioVersion = 10.0.40219.1
Project("{FAE04EC0-301F-11D3-BF4B-00C04F79EFBC}") = "shared", "..\sunamo\shared\shared.csproj", "{77719C0D-7C8B-4B9E-A644-AEE7CEB35134}"
EndProject
Project("{FAE04EC0-301F-11D3-BF4B-00C04F79EFBC}") = "desktop", "..\sunamo\desktop\desktop.csproj", "{772CACC2-80F3-4948-A443-3043195836E2}"
EndProject
Project("{FAE04EC0-301F-11D3-BF4B-00C04F79EFBC}") = "research", "..\sunamo\research\research.csproj", "{C7D6DEB5-3FA1-4095-8BF0-DE10BD36963C}"
EndProject
Project("{9A19103F-16F7-4668-BE54-9A1E7A4F7556}") = "SunamoYaml", "..\sunamoWithoutDep\SunamoYaml\SunamoYaml.csproj", "{D58DE9E5-17F0-4CC1-8B6B-6EEA634D8F4A}"
EndProject
Project("{FAE04EC0-301F-11D3-BF4B-00C04F79EFBC}") = "win.Tests", "win.Tests\win.Tests.csproj", "{AA991057-5581-4173-8E8D-6DF4FCBA5336}"
EndProject
Project("{9A19103F-16F7-4668-BE54-9A1E7A4F7556}") = "SunamoIni.Tests", "SunamoIni.Tests\SunamoIni.Tests.csproj", "{7724B88B-AB61-4504-9BBB-784179BD124B}"
EndProject
Project("{FAE04EC0-301F-11D3-BF4B-00C04F79EFBC}") = "SunamoIni", "..\sunamo\SunamoIni\SunamoIni.csproj", "{B6722A85-FFDD-4BDE-9006-212BF93553BC}"
EndProject
Project("{9A19103F-16F7-4668-BE54-9A1E7A4F7556}") = "Roslyn", "..\sunamo\Roslyn\Roslyn\Roslyn.csproj", "{82632D2A-6313-4811-ACE7-F6299E30A994}"
EndProject
Project("{9A19103F-16F7-4668-BE54-9A1E7A4F7556}") = "AsyncExceptions", "AsyncExceptions\AsyncExceptions.csproj", "{806133E6-CB0C-426D-82B1-F80B388C04DC}"
EndProject
Project("{FAE04EC0-301F-11D3-BF4B-00C04F79EFBC}") = "desktop.Tests", "desktop.Tests\desktop.Tests.csproj", "{45683530-6FB0-48B3-8ED4-E1F767334747}"
EndProject
Project("{FAE04EC0-301F-11D3-BF4B-00C04F79EFBC}") = "sunamo.Tests.Data", "sunamo.Tests.Data\sunamo.Tests.Data.csproj", "{BFA788FF-6178-45F0-877B-8F9A8AA95767}"
EndProject
Project("{9A19103F-16F7-4668-BE54-9A1E7A4F7556}") = "SunamoSqlite.Tests", "SunamoSqlite.Tests\SunamoSqlite.Tests.csproj", "{F5BF660D-5CBB-4468-80F5-F36A2D43E11E}"
EndProject
Project("{9A19103F-16F7-4668-BE54-9A1E7A4F7556}") = "SunamoSqlite", "..\sunamo\SunamoSqlite\SunamoSqlite.csproj", "{EAF6B67E-002A-45DB-9536-BA500B504F50}"
EndProject
Project("{9A19103F-16F7-4668-BE54-9A1E7A4F7556}") = "sunamo.Tests", "sunamo.Tests\sunamo.Tests.csproj", "{1F47538C-CE34-41D0-A545-A7C5F89E8F12}"
EndProject
Project("{9A19103F-16F7-4668-BE54-9A1E7A4F7556}") = "SunamoCode", "..\sunamo\SunamoCode\SunamoCode.csproj", "{13CE8EBB-4822-4BD3-8A78-ABD785A6C12A}"
EndProject
Project("{9A19103F-16F7-4668-BE54-9A1E7A4F7556}") = "SunamoCode.Tests", "SunamoCode.Tests\SunamoCode.Tests.csproj", "{BD09DA36-EAEB-44BD-8F9F-22A356F482D4}"
EndProject
Project("{9A19103F-16F7-4668-BE54-9A1E7A4F7556}") = "CoreFx.Tests", "CoreFx.Tests\CoreFx.Tests.csproj", "{03F44938-B559-4A2B-B30D-D5B4C2611FCC}"
EndProject
Project("{9A19103F-16F7-4668-BE54-9A1E7A4F7556}") = "GDataTranslate", "..\Credentials\GDataTranslate\GDataTranslate.csproj", "{B92BC8AA-AAF8-43B1-9ADD-8B00DE3F8E1F}"
EndProject
Project("{FAE04EC0-301F-11D3-BF4B-00C04F79EFBC}") = "win", "..\sunamo\win\win.csproj", "{BEE17656-B10C-42B2-B3A4-70208323E3D7}"
EndProject
Project("{9A19103F-16F7-4668-BE54-9A1E7A4F7556}") = "SunamoMarkdown.Tests", "SunamoMarkdown.Tests\SunamoMarkdown.Tests.csproj", "{0AD7456F-95F6-488F-A45A-126FA824C8D1}"
EndProject
Project("{9A19103F-16F7-4668-BE54-9A1E7A4F7556}") = "SunamoMarkdown", "..\sunamo\SunamoMarkdown\SunamoMarkdown.csproj", "{B380DFC7-34D0-48EF-AD8D-6B26C7413B98}"
EndProject
Project("{FAE04EC0-301F-11D3-BF4B-00C04F79EFBC}") = "shared.Tests", "shared.Tests\shared.Tests.csproj", "{BFEB3B74-B524-4199-9FC1-AAF386D664D0}"
EndProject
Project("{FAE04EC0-301F-11D3-BF4B-00C04F79EFBC}") = "Sql", "..\Credentials\Sql\Sql.csproj", "{94AAAE7D-4549-4D69-9B29-39E155591A1E}"
EndProject
Project("{9A19103F-16F7-4668-BE54-9A1E7A4F7556}") = "duo", "..\sunamo\duo\duo.csproj", "{D4C45A56-F726-4B63-B94B-4172AC65F358}"
EndProject
Project("{9A19103F-16F7-4668-BE54-9A1E7A4F7556}") = "SunamoTidy", "..\sunamo\SunamoTidy\SunamoTidy.csproj", "{B35EDC2F-BB57-4610-90DB-B1373E8E567D}"
EndProject
Project("{FAE04EC0-301F-11D3-BF4B-00C04F79EFBC}") = "SunamoTidy.Tests", "SunamoTidy.Tests\SunamoTidy.Tests.csproj", "{558F6D9C-7DC9-45C1-8341-A465D399C193}"
EndProject
Project("{9A19103F-16F7-4668-BE54-9A1E7A4F7556}") = "core", "..\standard\core\core.csproj", "{EBA4B28B-31F5-4325-A0AD-745C1DD51E87}"
EndProject
Project("{FAE04EC0-301F-11D3-BF4B-00C04F79EFBC}") = "sunamo", "..\sunamo\sunamo\sunamo.csproj", "{F6F92307-B0B3-4D6C-BD9C-8B5FF5560DCF}"
EndProject
Project("{FAE04EC0-301F-11D3-BF4B-00C04F79EFBC}") = "SunamoSqlServer", "..\sunamo\SunamoSqlServer\SunamoSqlServer.csproj", "{C9C1ECC5-2F3B-47F6-947B-931F261C5E2D}"
EndProject
Project("{9A19103F-16F7-4668-BE54-9A1E7A4F7556}") = "SunamoMathpix", "..\SunamoMathpix\SunamoMathpix\SunamoMathpix.csproj", "{6367B08E-F306-450F-9AB0-668B8D2234EE}"
EndProject
Project("{9A19103F-16F7-4668-BE54-9A1E7A4F7556}") = "SunamoLaTeX", "..\SunamoLaTeX\SunamoLaTeX\SunamoLaTeX.csproj", "{A58A4508-E6C1-4FCF-85DA-58C4EAEA5751}"
EndProject
Project("{FAE04EC0-301F-11D3-BF4B-00C04F79EFBC}") = "SunamoZip", "..\sunamoWithoutDep\SunamoZip\SunamoZip.csproj", "{38304F31-DCC7-42B6-84C7-8E7127CABBC9}"
EndProject
Project("{9A19103F-16F7-4668-BE54-9A1E7A4F7556}") = "TestValues", "TestValues\TestValues.csproj", "{5F7EB2B6-465B-4F1C-A164-2C933B25F7C1}"
EndProject
Project("{9A19103F-16F7-4668-BE54-9A1E7A4F7556}") = "SunamoGoPay", "..\sunamoWithoutDep\SunamoGoPay\SunamoGoPay.csproj", "{37DE57D4-09DB-4388-81BD-1C1AE958DD14}"
EndProject
Project("{9A19103F-16F7-4668-BE54-9A1E7A4F7556}") = "Scz", "..\Credentials\Scz\Scz.csproj", "{8C993F06-4162-4111-B4B9-F9A6FD1E0218}"
EndProject
Project("{9A19103F-16F7-4668-BE54-9A1E7A4F7556}") = "Crypting.Tests", "..\Credentials.Tests\Crypting.Tests\Crypting.Tests.csproj", "{6C08D5B2-C91C-47D6-803B-ED7419343842}"
EndProject
Project("{9A19103F-16F7-4668-BE54-9A1E7A4F7556}") = "SunamoHttp.Tests", "SunamoHttp.Tests\SunamoHttp.Tests.csproj", "{F78AF3D0-5910-496A-8747-74583DF439BF}"
EndProject
Project("{9A19103F-16F7-4668-BE54-9A1E7A4F7556}") = "SunamoHttp", "..\sunamo\SunamoHttp\SunamoHttp.csproj", "{DD5A6AE3-0A3B-4EFF-AA76-9DAF37D55555}"
EndProject
Global
	GlobalSection(SolutionConfigurationPlatforms) = preSolution
		Debug|Any CPU = Debug|Any CPU
		Debug|x64 = Debug|x64
		Debug|x86 = Debug|x86
		Release|Any CPU = Release|Any CPU
		Release|x64 = Release|x64
		Release|x86 = Release|x86
	EndGlobalSection
	GlobalSection(ProjectConfigurationPlatforms) = postSolution
		{77719C0D-7C8B-4B9E-A644-AEE7CEB35134}.Debug|Any CPU.ActiveCfg = Debug|Any CPU
		{77719C0D-7C8B-4B9E-A644-AEE7CEB35134}.Debug|Any CPU.Build.0 = Debug|Any CPU
		{77719C0D-7C8B-4B9E-A644-AEE7CEB35134}.Debug|x64.ActiveCfg = Debug|x64
		{77719C0D-7C8B-4B9E-A644-AEE7CEB35134}.Debug|x64.Build.0 = Debug|x64
		{77719C0D-7C8B-4B9E-A644-AEE7CEB35134}.Debug|x86.ActiveCfg = Debug|x86
		{77719C0D-7C8B-4B9E-A644-AEE7CEB35134}.Debug|x86.Build.0 = Debug|x86
		{77719C0D-7C8B-4B9E-A644-AEE7CEB35134}.Release|Any CPU.ActiveCfg = Release|Any CPU
		{77719C0D-7C8B-4B9E-A644-AEE7CEB35134}.Release|Any CPU.Build.0 = Release|Any CPU
		{77719C0D-7C8B-4B9E-A644-AEE7CEB35134}.Release|x64.ActiveCfg = Release|x64
		{77719C0D-7C8B-4B9E-A644-AEE7CEB35134}.Release|x64.Build.0 = Release|x64
		{77719C0D-7C8B-4B9E-A644-AEE7CEB35134}.Release|x86.ActiveCfg = Release|x86
		{77719C0D-7C8B-4B9E-A644-AEE7CEB35134}.Release|x86.Build.0 = Release|x86
		{772CACC2-80F3-4948-A443-3043195836E2}.Debug|Any CPU.ActiveCfg = Debug|Any CPU
		{772CACC2-80F3-4948-A443-3043195836E2}.Debug|Any CPU.Build.0 = Debug|Any CPU
		{772CACC2-80F3-4948-A443-3043195836E2}.Debug|x64.ActiveCfg = Debug|x64
		{772CACC2-80F3-4948-A443-3043195836E2}.Debug|x64.Build.0 = Debug|x64
		{772CACC2-80F3-4948-A443-3043195836E2}.Debug|x86.ActiveCfg = Debug|x86
		{772CACC2-80F3-4948-A443-3043195836E2}.Debug|x86.Build.0 = Debug|x86
		{772CACC2-80F3-4948-A443-3043195836E2}.Release|Any CPU.ActiveCfg = Release|Any CPU
		{772CACC2-80F3-4948-A443-3043195836E2}.Release|Any CPU.Build.0 = Release|Any CPU
		{772CACC2-80F3-4948-A443-3043195836E2}.Release|x64.ActiveCfg = Release|x64
		{772CACC2-80F3-4948-A443-3043195836E2}.Release|x64.Build.0 = Release|x64
		{772CACC2-80F3-4948-A443-3043195836E2}.Release|x86.ActiveCfg = Release|x86
		{772CACC2-80F3-4948-A443-3043195836E2}.Release|x86.Build.0 = Release|x86
		{C7D6DEB5-3FA1-4095-8BF0-DE10BD36963C}.Debug|Any CPU.ActiveCfg = Debug|Any CPU
		{C7D6DEB5-3FA1-4095-8BF0-DE10BD36963C}.Debug|Any CPU.Build.0 = Debug|Any CPU
		{C7D6DEB5-3FA1-4095-8BF0-DE10BD36963C}.Debug|x64.ActiveCfg = Debug|Any CPU
		{C7D6DEB5-3FA1-4095-8BF0-DE10BD36963C}.Debug|x64.Build.0 = Debug|Any CPU
		{C7D6DEB5-3FA1-4095-8BF0-DE10BD36963C}.Debug|x86.ActiveCfg = Debug|Any CPU
		{C7D6DEB5-3FA1-4095-8BF0-DE10BD36963C}.Debug|x86.Build.0 = Debug|Any CPU
		{C7D6DEB5-3FA1-4095-8BF0-DE10BD36963C}.Release|Any CPU.ActiveCfg = Release|Any CPU
		{C7D6DEB5-3FA1-4095-8BF0-DE10BD36963C}.Release|Any CPU.Build.0 = Release|Any CPU
		{C7D6DEB5-3FA1-4095-8BF0-DE10BD36963C}.Release|x64.ActiveCfg = Release|Any CPU
		{C7D6DEB5-3FA1-4095-8BF0-DE10BD36963C}.Release|x64.Build.0 = Release|Any CPU
		{C7D6DEB5-3FA1-4095-8BF0-DE10BD36963C}.Release|x86.ActiveCfg = Release|Any CPU
		{C7D6DEB5-3FA1-4095-8BF0-DE10BD36963C}.Release|x86.Build.0 = Release|Any CPU
		{D58DE9E5-17F0-4CC1-8B6B-6EEA634D8F4A}.Debug|Any CPU.ActiveCfg = Debug|Any CPU
		{D58DE9E5-17F0-4CC1-8B6B-6EEA634D8F4A}.Debug|Any CPU.Build.0 = Debug|Any CPU
		{D58DE9E5-17F0-4CC1-8B6B-6EEA634D8F4A}.Debug|x64.ActiveCfg = Debug|Any CPU
		{D58DE9E5-17F0-4CC1-8B6B-6EEA634D8F4A}.Debug|x64.Build.0 = Debug|Any CPU
		{D58DE9E5-17F0-4CC1-8B6B-6EEA634D8F4A}.Debug|x86.ActiveCfg = Debug|Any CPU
		{D58DE9E5-17F0-4CC1-8B6B-6EEA634D8F4A}.Debug|x86.Build.0 = Debug|Any CPU
		{D58DE9E5-17F0-4CC1-8B6B-6EEA634D8F4A}.Release|Any CPU.ActiveCfg = Release|Any CPU
		{D58DE9E5-17F0-4CC1-8B6B-6EEA634D8F4A}.Release|Any CPU.Build.0 = Release|Any CPU
		{D58DE9E5-17F0-4CC1-8B6B-6EEA634D8F4A}.Release|x64.ActiveCfg = Release|Any CPU
		{D58DE9E5-17F0-4CC1-8B6B-6EEA634D8F4A}.Release|x64.Build.0 = Release|Any CPU
		{D58DE9E5-17F0-4CC1-8B6B-6EEA634D8F4A}.Release|x86.ActiveCfg = Release|Any CPU
		{D58DE9E5-17F0-4CC1-8B6B-6EEA634D8F4A}.Release|x86.Build.0 = Release|Any CPU
		{AA991057-5581-4173-8E8D-6DF4FCBA5336}.Debug|Any CPU.ActiveCfg = Debug|Any CPU
		{AA991057-5581-4173-8E8D-6DF4FCBA5336}.Debug|Any CPU.Build.0 = Debug|Any CPU
		{AA991057-5581-4173-8E8D-6DF4FCBA5336}.Debug|x64.ActiveCfg = Debug|Any CPU
		{AA991057-5581-4173-8E8D-6DF4FCBA5336}.Debug|x64.Build.0 = Debug|Any CPU
		{AA991057-5581-4173-8E8D-6DF4FCBA5336}.Debug|x86.ActiveCfg = Debug|Any CPU
		{AA991057-5581-4173-8E8D-6DF4FCBA5336}.Debug|x86.Build.0 = Debug|Any CPU
		{AA991057-5581-4173-8E8D-6DF4FCBA5336}.Release|Any CPU.ActiveCfg = Release|Any CPU
		{AA991057-5581-4173-8E8D-6DF4FCBA5336}.Release|Any CPU.Build.0 = Release|Any CPU
		{AA991057-5581-4173-8E8D-6DF4FCBA5336}.Release|x64.ActiveCfg = Release|Any CPU
		{AA991057-5581-4173-8E8D-6DF4FCBA5336}.Release|x64.Build.0 = Release|Any CPU
		{AA991057-5581-4173-8E8D-6DF4FCBA5336}.Release|x86.ActiveCfg = Release|Any CPU
		{AA991057-5581-4173-8E8D-6DF4FCBA5336}.Release|x86.Build.0 = Release|Any CPU
		{7724B88B-AB61-4504-9BBB-784179BD124B}.Debug|Any CPU.ActiveCfg = Debug|Any CPU
		{7724B88B-AB61-4504-9BBB-784179BD124B}.Debug|Any CPU.Build.0 = Debug|Any CPU
		{7724B88B-AB61-4504-9BBB-784179BD124B}.Debug|x64.ActiveCfg = Debug|Any CPU
		{7724B88B-AB61-4504-9BBB-784179BD124B}.Debug|x64.Build.0 = Debug|Any CPU
		{7724B88B-AB61-4504-9BBB-784179BD124B}.Debug|x86.ActiveCfg = Debug|Any CPU
		{7724B88B-AB61-4504-9BBB-784179BD124B}.Debug|x86.Build.0 = Debug|Any CPU
		{7724B88B-AB61-4504-9BBB-784179BD124B}.Release|Any CPU.ActiveCfg = Release|Any CPU
		{7724B88B-AB61-4504-9BBB-784179BD124B}.Release|Any CPU.Build.0 = Release|Any CPU
		{7724B88B-AB61-4504-9BBB-784179BD124B}.Release|x64.ActiveCfg = Release|Any CPU
		{7724B88B-AB61-4504-9BBB-784179BD124B}.Release|x64.Build.0 = Release|Any CPU
		{7724B88B-AB61-4504-9BBB-784179BD124B}.Release|x86.ActiveCfg = Release|Any CPU
		{7724B88B-AB61-4504-9BBB-784179BD124B}.Release|x86.Build.0 = Release|Any CPU
		{B6722A85-FFDD-4BDE-9006-212BF93553BC}.Debug|Any CPU.ActiveCfg = Debug|Any CPU
		{B6722A85-FFDD-4BDE-9006-212BF93553BC}.Debug|Any CPU.Build.0 = Debug|Any CPU
		{B6722A85-FFDD-4BDE-9006-212BF93553BC}.Debug|x64.ActiveCfg = Debug|x64
		{B6722A85-FFDD-4BDE-9006-212BF93553BC}.Debug|x64.Build.0 = Debug|x64
		{B6722A85-FFDD-4BDE-9006-212BF93553BC}.Debug|x86.ActiveCfg = Debug|x86
		{B6722A85-FFDD-4BDE-9006-212BF93553BC}.Debug|x86.Build.0 = Debug|x86
		{B6722A85-FFDD-4BDE-9006-212BF93553BC}.Release|Any CPU.ActiveCfg = Release|Any CPU
		{B6722A85-FFDD-4BDE-9006-212BF93553BC}.Release|Any CPU.Build.0 = Release|Any CPU
		{B6722A85-FFDD-4BDE-9006-212BF93553BC}.Release|x64.ActiveCfg = Release|x64
		{B6722A85-FFDD-4BDE-9006-212BF93553BC}.Release|x64.Build.0 = Release|x64
		{B6722A85-FFDD-4BDE-9006-212BF93553BC}.Release|x86.ActiveCfg = Release|x86
		{B6722A85-FFDD-4BDE-9006-212BF93553BC}.Release|x86.Build.0 = Release|x86
		{82632D2A-6313-4811-ACE7-F6299E30A994}.Debug|Any CPU.ActiveCfg = Debug|Any CPU
		{82632D2A-6313-4811-ACE7-F6299E30A994}.Debug|Any CPU.Build.0 = Debug|Any CPU
		{82632D2A-6313-4811-ACE7-F6299E30A994}.Debug|x64.ActiveCfg = Debug|Any CPU
		{82632D2A-6313-4811-ACE7-F6299E30A994}.Debug|x64.Build.0 = Debug|Any CPU
		{82632D2A-6313-4811-ACE7-F6299E30A994}.Debug|x86.ActiveCfg = Debug|Any CPU
		{82632D2A-6313-4811-ACE7-F6299E30A994}.Debug|x86.Build.0 = Debug|Any CPU
		{82632D2A-6313-4811-ACE7-F6299E30A994}.Release|Any CPU.ActiveCfg = Release|Any CPU
		{82632D2A-6313-4811-ACE7-F6299E30A994}.Release|Any CPU.Build.0 = Release|Any CPU
		{82632D2A-6313-4811-ACE7-F6299E30A994}.Release|x64.ActiveCfg = Release|Any CPU
		{82632D2A-6313-4811-ACE7-F6299E30A994}.Release|x64.Build.0 = Release|Any CPU
		{82632D2A-6313-4811-ACE7-F6299E30A994}.Release|x86.ActiveCfg = Release|Any CPU
		{82632D2A-6313-4811-ACE7-F6299E30A994}.Release|x86.Build.0 = Release|Any CPU
		{806133E6-CB0C-426D-82B1-F80B388C04DC}.Debug|Any CPU.ActiveCfg = Debug|Any CPU
		{806133E6-CB0C-426D-82B1-F80B388C04DC}.Debug|Any CPU.Build.0 = Debug|Any CPU
		{806133E6-CB0C-426D-82B1-F80B388C04DC}.Debug|x64.ActiveCfg = Debug|Any CPU
		{806133E6-CB0C-426D-82B1-F80B388C04DC}.Debug|x64.Build.0 = Debug|Any CPU
		{806133E6-CB0C-426D-82B1-F80B388C04DC}.Debug|x86.ActiveCfg = Debug|Any CPU
		{806133E6-CB0C-426D-82B1-F80B388C04DC}.Debug|x86.Build.0 = Debug|Any CPU
		{806133E6-CB0C-426D-82B1-F80B388C04DC}.Release|Any CPU.ActiveCfg = Release|Any CPU
		{806133E6-CB0C-426D-82B1-F80B388C04DC}.Release|Any CPU.Build.0 = Release|Any CPU
		{806133E6-CB0C-426D-82B1-F80B388C04DC}.Release|x64.ActiveCfg = Release|Any CPU
		{806133E6-CB0C-426D-82B1-F80B388C04DC}.Release|x64.Build.0 = Release|Any CPU
		{806133E6-CB0C-426D-82B1-F80B388C04DC}.Release|x86.ActiveCfg = Release|Any CPU
		{806133E6-CB0C-426D-82B1-F80B388C04DC}.Release|x86.Build.0 = Release|Any CPU
		{45683530-6FB0-48B3-8ED4-E1F767334747}.Debug|Any CPU.ActiveCfg = Debug|Any CPU
		{45683530-6FB0-48B3-8ED4-E1F767334747}.Debug|Any CPU.Build.0 = Debug|Any CPU
		{45683530-6FB0-48B3-8ED4-E1F767334747}.Debug|x64.ActiveCfg = Debug|Any CPU
		{45683530-6FB0-48B3-8ED4-E1F767334747}.Debug|x64.Build.0 = Debug|Any CPU
		{45683530-6FB0-48B3-8ED4-E1F767334747}.Debug|x86.ActiveCfg = Debug|Any CPU
		{45683530-6FB0-48B3-8ED4-E1F767334747}.Debug|x86.Build.0 = Debug|Any CPU
		{45683530-6FB0-48B3-8ED4-E1F767334747}.Release|Any CPU.ActiveCfg = Release|Any CPU
		{45683530-6FB0-48B3-8ED4-E1F767334747}.Release|Any CPU.Build.0 = Release|Any CPU
		{45683530-6FB0-48B3-8ED4-E1F767334747}.Release|x64.ActiveCfg = Release|Any CPU
		{45683530-6FB0-48B3-8ED4-E1F767334747}.Release|x64.Build.0 = Release|Any CPU
		{45683530-6FB0-48B3-8ED4-E1F767334747}.Release|x86.ActiveCfg = Release|Any CPU
		{45683530-6FB0-48B3-8ED4-E1F767334747}.Release|x86.Build.0 = Release|Any CPU
		{BFA788FF-6178-45F0-877B-8F9A8AA95767}.Debug|Any CPU.ActiveCfg = Debug|Any CPU
		{BFA788FF-6178-45F0-877B-8F9A8AA95767}.Debug|Any CPU.Build.0 = Debug|Any CPU
		{BFA788FF-6178-45F0-877B-8F9A8AA95767}.Debug|x64.ActiveCfg = Debug|Any CPU
		{BFA788FF-6178-45F0-877B-8F9A8AA95767}.Debug|x64.Build.0 = Debug|Any CPU
		{BFA788FF-6178-45F0-877B-8F9A8AA95767}.Debug|x86.ActiveCfg = Debug|Any CPU
		{BFA788FF-6178-45F0-877B-8F9A8AA95767}.Debug|x86.Build.0 = Debug|Any CPU
		{BFA788FF-6178-45F0-877B-8F9A8AA95767}.Release|Any CPU.ActiveCfg = Release|Any CPU
		{BFA788FF-6178-45F0-877B-8F9A8AA95767}.Release|Any CPU.Build.0 = Release|Any CPU
		{BFA788FF-6178-45F0-877B-8F9A8AA95767}.Release|x64.ActiveCfg = Release|Any CPU
		{BFA788FF-6178-45F0-877B-8F9A8AA95767}.Release|x64.Build.0 = Release|Any CPU
		{BFA788FF-6178-45F0-877B-8F9A8AA95767}.Release|x86.ActiveCfg = Release|Any CPU
		{BFA788FF-6178-45F0-877B-8F9A8AA95767}.Release|x86.Build.0 = Release|Any CPU
		{F5BF660D-5CBB-4468-80F5-F36A2D43E11E}.Debug|Any CPU.ActiveCfg = Debug|Any CPU
		{F5BF660D-5CBB-4468-80F5-F36A2D43E11E}.Debug|Any CPU.Build.0 = Debug|Any CPU
		{F5BF660D-5CBB-4468-80F5-F36A2D43E11E}.Debug|x64.ActiveCfg = Debug|Any CPU
		{F5BF660D-5CBB-4468-80F5-F36A2D43E11E}.Debug|x64.Build.0 = Debug|Any CPU
		{F5BF660D-5CBB-4468-80F5-F36A2D43E11E}.Debug|x86.ActiveCfg = Debug|Any CPU
		{F5BF660D-5CBB-4468-80F5-F36A2D43E11E}.Debug|x86.Build.0 = Debug|Any CPU
		{F5BF660D-5CBB-4468-80F5-F36A2D43E11E}.Release|Any CPU.ActiveCfg = Release|Any CPU
		{F5BF660D-5CBB-4468-80F5-F36A2D43E11E}.Release|Any CPU.Build.0 = Release|Any CPU
		{F5BF660D-5CBB-4468-80F5-F36A2D43E11E}.Release|x64.ActiveCfg = Release|Any CPU
		{F5BF660D-5CBB-4468-80F5-F36A2D43E11E}.Release|x64.Build.0 = Release|Any CPU
		{F5BF660D-5CBB-4468-80F5-F36A2D43E11E}.Release|x86.ActiveCfg = Release|Any CPU
		{F5BF660D-5CBB-4468-80F5-F36A2D43E11E}.Release|x86.Build.0 = Release|Any CPU
		{EAF6B67E-002A-45DB-9536-BA500B504F50}.Debug|Any CPU.ActiveCfg = Debug|Any CPU
		{EAF6B67E-002A-45DB-9536-BA500B504F50}.Debug|Any CPU.Build.0 = Debug|Any CPU
		{EAF6B67E-002A-45DB-9536-BA500B504F50}.Debug|x64.ActiveCfg = Debug|Any CPU
		{EAF6B67E-002A-45DB-9536-BA500B504F50}.Debug|x64.Build.0 = Debug|Any CPU
		{EAF6B67E-002A-45DB-9536-BA500B504F50}.Debug|x86.ActiveCfg = Debug|Any CPU
		{EAF6B67E-002A-45DB-9536-BA500B504F50}.Debug|x86.Build.0 = Debug|Any CPU
		{EAF6B67E-002A-45DB-9536-BA500B504F50}.Release|Any CPU.ActiveCfg = Release|Any CPU
		{EAF6B67E-002A-45DB-9536-BA500B504F50}.Release|Any CPU.Build.0 = Release|Any CPU
		{EAF6B67E-002A-45DB-9536-BA500B504F50}.Release|x64.ActiveCfg = Release|Any CPU
		{EAF6B67E-002A-45DB-9536-BA500B504F50}.Release|x64.Build.0 = Release|Any CPU
		{EAF6B67E-002A-45DB-9536-BA500B504F50}.Release|x86.ActiveCfg = Release|Any CPU
		{EAF6B67E-002A-45DB-9536-BA500B504F50}.Release|x86.Build.0 = Release|Any CPU
		{1F47538C-CE34-41D0-A545-A7C5F89E8F12}.Debug|Any CPU.ActiveCfg = Debug|Any CPU
		{1F47538C-CE34-41D0-A545-A7C5F89E8F12}.Debug|Any CPU.Build.0 = Debug|Any CPU
		{1F47538C-CE34-41D0-A545-A7C5F89E8F12}.Debug|x64.ActiveCfg = Debug|Any CPU
		{1F47538C-CE34-41D0-A545-A7C5F89E8F12}.Debug|x64.Build.0 = Debug|Any CPU
		{1F47538C-CE34-41D0-A545-A7C5F89E8F12}.Debug|x86.ActiveCfg = Debug|Any CPU
		{1F47538C-CE34-41D0-A545-A7C5F89E8F12}.Debug|x86.Build.0 = Debug|Any CPU
		{1F47538C-CE34-41D0-A545-A7C5F89E8F12}.Release|Any CPU.ActiveCfg = Release|Any CPU
		{1F47538C-CE34-41D0-A545-A7C5F89E8F12}.Release|Any CPU.Build.0 = Release|Any CPU
		{1F47538C-CE34-41D0-A545-A7C5F89E8F12}.Release|x64.ActiveCfg = Release|Any CPU
		{1F47538C-CE34-41D0-A545-A7C5F89E8F12}.Release|x64.Build.0 = Release|Any CPU
		{1F47538C-CE34-41D0-A545-A7C5F89E8F12}.Release|x86.ActiveCfg = Release|Any CPU
		{1F47538C-CE34-41D0-A545-A7C5F89E8F12}.Release|x86.Build.0 = Release|Any CPU
		{13CE8EBB-4822-4BD3-8A78-ABD785A6C12A}.Debug|Any CPU.ActiveCfg = Debug|Any CPU
		{13CE8EBB-4822-4BD3-8A78-ABD785A6C12A}.Debug|Any CPU.Build.0 = Debug|Any CPU
		{13CE8EBB-4822-4BD3-8A78-ABD785A6C12A}.Debug|x64.ActiveCfg = Debug|Any CPU
		{13CE8EBB-4822-4BD3-8A78-ABD785A6C12A}.Debug|x64.Build.0 = Debug|Any CPU
		{13CE8EBB-4822-4BD3-8A78-ABD785A6C12A}.Debug|x86.ActiveCfg = Debug|Any CPU
		{13CE8EBB-4822-4BD3-8A78-ABD785A6C12A}.Debug|x86.Build.0 = Debug|Any CPU
		{13CE8EBB-4822-4BD3-8A78-ABD785A6C12A}.Release|Any CPU.ActiveCfg = Release|Any CPU
		{13CE8EBB-4822-4BD3-8A78-ABD785A6C12A}.Release|Any CPU.Build.0 = Release|Any CPU
		{13CE8EBB-4822-4BD3-8A78-ABD785A6C12A}.Release|x64.ActiveCfg = Release|Any CPU
		{13CE8EBB-4822-4BD3-8A78-ABD785A6C12A}.Release|x64.Build.0 = Release|Any CPU
		{13CE8EBB-4822-4BD3-8A78-ABD785A6C12A}.Release|x86.ActiveCfg = Release|Any CPU
		{13CE8EBB-4822-4BD3-8A78-ABD785A6C12A}.Release|x86.Build.0 = Release|Any CPU
		{BD09DA36-EAEB-44BD-8F9F-22A356F482D4}.Debug|Any CPU.ActiveCfg = Debug|Any CPU
		{BD09DA36-EAEB-44BD-8F9F-22A356F482D4}.Debug|Any CPU.Build.0 = Debug|Any CPU
		{BD09DA36-EAEB-44BD-8F9F-22A356F482D4}.Debug|x64.ActiveCfg = Debug|Any CPU
		{BD09DA36-EAEB-44BD-8F9F-22A356F482D4}.Debug|x64.Build.0 = Debug|Any CPU
		{BD09DA36-EAEB-44BD-8F9F-22A356F482D4}.Debug|x86.ActiveCfg = Debug|Any CPU
		{BD09DA36-EAEB-44BD-8F9F-22A356F482D4}.Debug|x86.Build.0 = Debug|Any CPU
		{BD09DA36-EAEB-44BD-8F9F-22A356F482D4}.Release|Any CPU.ActiveCfg = Release|Any CPU
		{BD09DA36-EAEB-44BD-8F9F-22A356F482D4}.Release|Any CPU.Build.0 = Release|Any CPU
		{BD09DA36-EAEB-44BD-8F9F-22A356F482D4}.Release|x64.ActiveCfg = Release|Any CPU
		{BD09DA36-EAEB-44BD-8F9F-22A356F482D4}.Release|x64.Build.0 = Release|Any CPU
		{BD09DA36-EAEB-44BD-8F9F-22A356F482D4}.Release|x86.ActiveCfg = Release|Any CPU
		{BD09DA36-EAEB-44BD-8F9F-22A356F482D4}.Release|x86.Build.0 = Release|Any CPU
		{03F44938-B559-4A2B-B30D-D5B4C2611FCC}.Debug|Any CPU.ActiveCfg = Debug|Any CPU
		{03F44938-B559-4A2B-B30D-D5B4C2611FCC}.Debug|Any CPU.Build.0 = Debug|Any CPU
		{03F44938-B559-4A2B-B30D-D5B4C2611FCC}.Debug|x64.ActiveCfg = Debug|Any CPU
		{03F44938-B559-4A2B-B30D-D5B4C2611FCC}.Debug|x64.Build.0 = Debug|Any CPU
		{03F44938-B559-4A2B-B30D-D5B4C2611FCC}.Debug|x86.ActiveCfg = Debug|Any CPU
		{03F44938-B559-4A2B-B30D-D5B4C2611FCC}.Debug|x86.Build.0 = Debug|Any CPU
		{03F44938-B559-4A2B-B30D-D5B4C2611FCC}.Release|Any CPU.ActiveCfg = Release|Any CPU
		{03F44938-B559-4A2B-B30D-D5B4C2611FCC}.Release|Any CPU.Build.0 = Release|Any CPU
		{03F44938-B559-4A2B-B30D-D5B4C2611FCC}.Release|x64.ActiveCfg = Release|Any CPU
		{03F44938-B559-4A2B-B30D-D5B4C2611FCC}.Release|x64.Build.0 = Release|Any CPU
		{03F44938-B559-4A2B-B30D-D5B4C2611FCC}.Release|x86.ActiveCfg = Release|Any CPU
		{03F44938-B559-4A2B-B30D-D5B4C2611FCC}.Release|x86.Build.0 = Release|Any CPU
		{B92BC8AA-AAF8-43B1-9ADD-8B00DE3F8E1F}.Debug|Any CPU.ActiveCfg = Debug|Any CPU
		{B92BC8AA-AAF8-43B1-9ADD-8B00DE3F8E1F}.Debug|Any CPU.Build.0 = Debug|Any CPU
		{B92BC8AA-AAF8-43B1-9ADD-8B00DE3F8E1F}.Debug|x64.ActiveCfg = Debug|Any CPU
		{B92BC8AA-AAF8-43B1-9ADD-8B00DE3F8E1F}.Debug|x64.Build.0 = Debug|Any CPU
		{B92BC8AA-AAF8-43B1-9ADD-8B00DE3F8E1F}.Debug|x86.ActiveCfg = Debug|Any CPU
		{B92BC8AA-AAF8-43B1-9ADD-8B00DE3F8E1F}.Debug|x86.Build.0 = Debug|Any CPU
		{B92BC8AA-AAF8-43B1-9ADD-8B00DE3F8E1F}.Release|Any CPU.ActiveCfg = Release|Any CPU
		{B92BC8AA-AAF8-43B1-9ADD-8B00DE3F8E1F}.Release|Any CPU.Build.0 = Release|Any CPU
		{B92BC8AA-AAF8-43B1-9ADD-8B00DE3F8E1F}.Release|x64.ActiveCfg = Release|Any CPU
		{B92BC8AA-AAF8-43B1-9ADD-8B00DE3F8E1F}.Release|x64.Build.0 = Release|Any CPU
		{B92BC8AA-AAF8-43B1-9ADD-8B00DE3F8E1F}.Release|x86.ActiveCfg = Release|Any CPU
		{B92BC8AA-AAF8-43B1-9ADD-8B00DE3F8E1F}.Release|x86.Build.0 = Release|Any CPU
		{BEE17656-B10C-42B2-B3A4-70208323E3D7}.Debug|Any CPU.ActiveCfg = Debug|Any CPU
		{BEE17656-B10C-42B2-B3A4-70208323E3D7}.Debug|Any CPU.Build.0 = Debug|Any CPU
		{BEE17656-B10C-42B2-B3A4-70208323E3D7}.Debug|x64.ActiveCfg = Debug|Any CPU
		{BEE17656-B10C-42B2-B3A4-70208323E3D7}.Debug|x64.Build.0 = Debug|Any CPU
		{BEE17656-B10C-42B2-B3A4-70208323E3D7}.Debug|x86.ActiveCfg = Debug|Any CPU
		{BEE17656-B10C-42B2-B3A4-70208323E3D7}.Debug|x86.Build.0 = Debug|Any CPU
		{BEE17656-B10C-42B2-B3A4-70208323E3D7}.Release|Any CPU.ActiveCfg = Release|Any CPU
		{BEE17656-B10C-42B2-B3A4-70208323E3D7}.Release|Any CPU.Build.0 = Release|Any CPU
		{BEE17656-B10C-42B2-B3A4-70208323E3D7}.Release|x64.ActiveCfg = Release|Any CPU
		{BEE17656-B10C-42B2-B3A4-70208323E3D7}.Release|x64.Build.0 = Release|Any CPU
		{BEE17656-B10C-42B2-B3A4-70208323E3D7}.Release|x86.ActiveCfg = Release|Any CPU
		{BEE17656-B10C-42B2-B3A4-70208323E3D7}.Release|x86.Build.0 = Release|Any CPU
		{0AD7456F-95F6-488F-A45A-126FA824C8D1}.Debug|Any CPU.ActiveCfg = Debug|Any CPU
		{0AD7456F-95F6-488F-A45A-126FA824C8D1}.Debug|Any CPU.Build.0 = Debug|Any CPU
		{0AD7456F-95F6-488F-A45A-126FA824C8D1}.Debug|x64.ActiveCfg = Debug|Any CPU
		{0AD7456F-95F6-488F-A45A-126FA824C8D1}.Debug|x64.Build.0 = Debug|Any CPU
		{0AD7456F-95F6-488F-A45A-126FA824C8D1}.Debug|x86.ActiveCfg = Debug|Any CPU
		{0AD7456F-95F6-488F-A45A-126FA824C8D1}.Debug|x86.Build.0 = Debug|Any CPU
		{0AD7456F-95F6-488F-A45A-126FA824C8D1}.Release|Any CPU.ActiveCfg = Release|Any CPU
		{0AD7456F-95F6-488F-A45A-126FA824C8D1}.Release|Any CPU.Build.0 = Release|Any CPU
		{0AD7456F-95F6-488F-A45A-126FA824C8D1}.Release|x64.ActiveCfg = Release|Any CPU
		{0AD7456F-95F6-488F-A45A-126FA824C8D1}.Release|x64.Build.0 = Release|Any CPU
		{0AD7456F-95F6-488F-A45A-126FA824C8D1}.Release|x86.ActiveCfg = Release|Any CPU
		{0AD7456F-95F6-488F-A45A-126FA824C8D1}.Release|x86.Build.0 = Release|Any CPU
		{B380DFC7-34D0-48EF-AD8D-6B26C7413B98}.Debug|Any CPU.ActiveCfg = Debug|Any CPU
		{B380DFC7-34D0-48EF-AD8D-6B26C7413B98}.Debug|Any CPU.Build.0 = Debug|Any CPU
		{B380DFC7-34D0-48EF-AD8D-6B26C7413B98}.Debug|x64.ActiveCfg = Debug|Any CPU
		{B380DFC7-34D0-48EF-AD8D-6B26C7413B98}.Debug|x64.Build.0 = Debug|Any CPU
		{B380DFC7-34D0-48EF-AD8D-6B26C7413B98}.Debug|x86.ActiveCfg = Debug|Any CPU
		{B380DFC7-34D0-48EF-AD8D-6B26C7413B98}.Debug|x86.Build.0 = Debug|Any CPU
		{B380DFC7-34D0-48EF-AD8D-6B26C7413B98}.Release|Any CPU.ActiveCfg = Release|Any CPU
		{B380DFC7-34D0-48EF-AD8D-6B26C7413B98}.Release|Any CPU.Build.0 = Release|Any CPU
		{B380DFC7-34D0-48EF-AD8D-6B26C7413B98}.Release|x64.ActiveCfg = Release|Any CPU
		{B380DFC7-34D0-48EF-AD8D-6B26C7413B98}.Release|x64.Build.0 = Release|Any CPU
		{B380DFC7-34D0-48EF-AD8D-6B26C7413B98}.Release|x86.ActiveCfg = Release|Any CPU
		{B380DFC7-34D0-48EF-AD8D-6B26C7413B98}.Release|x86.Build.0 = Release|Any CPU
		{BFEB3B74-B524-4199-9FC1-AAF386D664D0}.Debug|Any CPU.ActiveCfg = Debug|Any CPU
		{BFEB3B74-B524-4199-9FC1-AAF386D664D0}.Debug|Any CPU.Build.0 = Debug|Any CPU
		{BFEB3B74-B524-4199-9FC1-AAF386D664D0}.Debug|x64.ActiveCfg = Debug|Any CPU
		{BFEB3B74-B524-4199-9FC1-AAF386D664D0}.Debug|x64.Build.0 = Debug|Any CPU
		{BFEB3B74-B524-4199-9FC1-AAF386D664D0}.Debug|x86.ActiveCfg = Debug|Any CPU
		{BFEB3B74-B524-4199-9FC1-AAF386D664D0}.Debug|x86.Build.0 = Debug|Any CPU
		{BFEB3B74-B524-4199-9FC1-AAF386D664D0}.Release|Any CPU.ActiveCfg = Release|Any CPU
		{BFEB3B74-B524-4199-9FC1-AAF386D664D0}.Release|Any CPU.Build.0 = Release|Any CPU
		{BFEB3B74-B524-4199-9FC1-AAF386D664D0}.Release|x64.ActiveCfg = Release|Any CPU
		{BFEB3B74-B524-4199-9FC1-AAF386D664D0}.Release|x64.Build.0 = Release|Any CPU
		{BFEB3B74-B524-4199-9FC1-AAF386D664D0}.Release|x86.ActiveCfg = Release|Any CPU
		{BFEB3B74-B524-4199-9FC1-AAF386D664D0}.Release|x86.Build.0 = Release|Any CPU
		{94AAAE7D-4549-4D69-9B29-39E155591A1E}.Debug|Any CPU.ActiveCfg = Debug|Any CPU
		{94AAAE7D-4549-4D69-9B29-39E155591A1E}.Debug|Any CPU.Build.0 = Debug|Any CPU
		{94AAAE7D-4549-4D69-9B29-39E155591A1E}.Debug|x64.ActiveCfg = Debug|Any CPU
		{94AAAE7D-4549-4D69-9B29-39E155591A1E}.Debug|x64.Build.0 = Debug|Any CPU
		{94AAAE7D-4549-4D69-9B29-39E155591A1E}.Debug|x86.ActiveCfg = Debug|Any CPU
		{94AAAE7D-4549-4D69-9B29-39E155591A1E}.Debug|x86.Build.0 = Debug|Any CPU
		{94AAAE7D-4549-4D69-9B29-39E155591A1E}.Release|Any CPU.ActiveCfg = Release|Any CPU
		{94AAAE7D-4549-4D69-9B29-39E155591A1E}.Release|Any CPU.Build.0 = Release|Any CPU
		{94AAAE7D-4549-4D69-9B29-39E155591A1E}.Release|x64.ActiveCfg = Release|Any CPU
		{94AAAE7D-4549-4D69-9B29-39E155591A1E}.Release|x64.Build.0 = Release|Any CPU
		{94AAAE7D-4549-4D69-9B29-39E155591A1E}.Release|x86.ActiveCfg = Release|Any CPU
		{94AAAE7D-4549-4D69-9B29-39E155591A1E}.Release|x86.Build.0 = Release|Any CPU
		{D4C45A56-F726-4B63-B94B-4172AC65F358}.Debug|Any CPU.ActiveCfg = Debug|Any CPU
		{D4C45A56-F726-4B63-B94B-4172AC65F358}.Debug|Any CPU.Build.0 = Debug|Any CPU
		{D4C45A56-F726-4B63-B94B-4172AC65F358}.Debug|x64.ActiveCfg = Debug|Any CPU
		{D4C45A56-F726-4B63-B94B-4172AC65F358}.Debug|x64.Build.0 = Debug|Any CPU
		{D4C45A56-F726-4B63-B94B-4172AC65F358}.Debug|x86.ActiveCfg = Debug|Any CPU
		{D4C45A56-F726-4B63-B94B-4172AC65F358}.Debug|x86.Build.0 = Debug|Any CPU
		{D4C45A56-F726-4B63-B94B-4172AC65F358}.Release|Any CPU.ActiveCfg = Release|Any CPU
		{D4C45A56-F726-4B63-B94B-4172AC65F358}.Release|Any CPU.Build.0 = Release|Any CPU
		{D4C45A56-F726-4B63-B94B-4172AC65F358}.Release|x64.ActiveCfg = Release|Any CPU
		{D4C45A56-F726-4B63-B94B-4172AC65F358}.Release|x64.Build.0 = Release|Any CPU
		{D4C45A56-F726-4B63-B94B-4172AC65F358}.Release|x86.ActiveCfg = Release|Any CPU
		{D4C45A56-F726-4B63-B94B-4172AC65F358}.Release|x86.Build.0 = Release|Any CPU
		{B35EDC2F-BB57-4610-90DB-B1373E8E567D}.Debug|Any CPU.ActiveCfg = Debug|Any CPU
		{B35EDC2F-BB57-4610-90DB-B1373E8E567D}.Debug|Any CPU.Build.0 = Debug|Any CPU
		{B35EDC2F-BB57-4610-90DB-B1373E8E567D}.Debug|x64.ActiveCfg = Debug|Any CPU
		{B35EDC2F-BB57-4610-90DB-B1373E8E567D}.Debug|x64.Build.0 = Debug|Any CPU
		{B35EDC2F-BB57-4610-90DB-B1373E8E567D}.Debug|x86.ActiveCfg = Debug|Any CPU
		{B35EDC2F-BB57-4610-90DB-B1373E8E567D}.Debug|x86.Build.0 = Debug|Any CPU
		{B35EDC2F-BB57-4610-90DB-B1373E8E567D}.Release|Any CPU.ActiveCfg = Release|Any CPU
		{B35EDC2F-BB57-4610-90DB-B1373E8E567D}.Release|Any CPU.Build.0 = Release|Any CPU
		{B35EDC2F-BB57-4610-90DB-B1373E8E567D}.Release|x64.ActiveCfg = Release|Any CPU
		{B35EDC2F-BB57-4610-90DB-B1373E8E567D}.Release|x64.Build.0 = Release|Any CPU
		{B35EDC2F-BB57-4610-90DB-B1373E8E567D}.Release|x86.ActiveCfg = Release|Any CPU
		{B35EDC2F-BB57-4610-90DB-B1373E8E567D}.Release|x86.Build.0 = Release|Any CPU
		{558F6D9C-7DC9-45C1-8341-A465D399C193}.Debug|Any CPU.ActiveCfg = Debug|Any CPU
		{558F6D9C-7DC9-45C1-8341-A465D399C193}.Debug|Any CPU.Build.0 = Debug|Any CPU
		{558F6D9C-7DC9-45C1-8341-A465D399C193}.Debug|x64.ActiveCfg = Debug|Any CPU
		{558F6D9C-7DC9-45C1-8341-A465D399C193}.Debug|x64.Build.0 = Debug|Any CPU
		{558F6D9C-7DC9-45C1-8341-A465D399C193}.Debug|x86.ActiveCfg = Debug|Any CPU
		{558F6D9C-7DC9-45C1-8341-A465D399C193}.Debug|x86.Build.0 = Debug|Any CPU
		{558F6D9C-7DC9-45C1-8341-A465D399C193}.Release|Any CPU.ActiveCfg = Release|Any CPU
		{558F6D9C-7DC9-45C1-8341-A465D399C193}.Release|Any CPU.Build.0 = Release|Any CPU
		{558F6D9C-7DC9-45C1-8341-A465D399C193}.Release|x64.ActiveCfg = Release|Any CPU
		{558F6D9C-7DC9-45C1-8341-A465D399C193}.Release|x64.Build.0 = Release|Any CPU
		{558F6D9C-7DC9-45C1-8341-A465D399C193}.Release|x86.ActiveCfg = Release|Any CPU
		{558F6D9C-7DC9-45C1-8341-A465D399C193}.Release|x86.Build.0 = Release|Any CPU
		{EBA4B28B-31F5-4325-A0AD-745C1DD51E87}.Debug|Any CPU.ActiveCfg = Debug|Any CPU
		{EBA4B28B-31F5-4325-A0AD-745C1DD51E87}.Debug|Any CPU.Build.0 = Debug|Any CPU
		{EBA4B28B-31F5-4325-A0AD-745C1DD51E87}.Debug|x64.ActiveCfg = Debug|Any CPU
		{EBA4B28B-31F5-4325-A0AD-745C1DD51E87}.Debug|x64.Build.0 = Debug|Any CPU
		{EBA4B28B-31F5-4325-A0AD-745C1DD51E87}.Debug|x86.ActiveCfg = Debug|Any CPU
		{EBA4B28B-31F5-4325-A0AD-745C1DD51E87}.Debug|x86.Build.0 = Debug|Any CPU
		{EBA4B28B-31F5-4325-A0AD-745C1DD51E87}.Release|Any CPU.ActiveCfg = Release|Any CPU
		{EBA4B28B-31F5-4325-A0AD-745C1DD51E87}.Release|Any CPU.Build.0 = Release|Any CPU
		{EBA4B28B-31F5-4325-A0AD-745C1DD51E87}.Release|x64.ActiveCfg = Release|Any CPU
		{EBA4B28B-31F5-4325-A0AD-745C1DD51E87}.Release|x64.Build.0 = Release|Any CPU
		{EBA4B28B-31F5-4325-A0AD-745C1DD51E87}.Release|x86.ActiveCfg = Release|Any CPU
		{EBA4B28B-31F5-4325-A0AD-745C1DD51E87}.Release|x86.Build.0 = Release|Any CPU
		{F6F92307-B0B3-4D6C-BD9C-8B5FF5560DCF}.Debug|Any CPU.ActiveCfg = Debug|Any CPU
		{F6F92307-B0B3-4D6C-BD9C-8B5FF5560DCF}.Debug|Any CPU.Build.0 = Debug|Any CPU
		{F6F92307-B0B3-4D6C-BD9C-8B5FF5560DCF}.Debug|x64.ActiveCfg = Debug|Any CPU
		{F6F92307-B0B3-4D6C-BD9C-8B5FF5560DCF}.Debug|x64.Build.0 = Debug|Any CPU
		{F6F92307-B0B3-4D6C-BD9C-8B5FF5560DCF}.Debug|x86.ActiveCfg = Debug|Any CPU
		{F6F92307-B0B3-4D6C-BD9C-8B5FF5560DCF}.Debug|x86.Build.0 = Debug|Any CPU
		{F6F92307-B0B3-4D6C-BD9C-8B5FF5560DCF}.Release|Any CPU.ActiveCfg = Release|Any CPU
		{F6F92307-B0B3-4D6C-BD9C-8B5FF5560DCF}.Release|Any CPU.Build.0 = Release|Any CPU
		{F6F92307-B0B3-4D6C-BD9C-8B5FF5560DCF}.Release|x64.ActiveCfg = Release|Any CPU
		{F6F92307-B0B3-4D6C-BD9C-8B5FF5560DCF}.Release|x64.Build.0 = Release|Any CPU
		{F6F92307-B0B3-4D6C-BD9C-8B5FF5560DCF}.Release|x86.ActiveCfg = Release|Any CPU
		{F6F92307-B0B3-4D6C-BD9C-8B5FF5560DCF}.Release|x86.Build.0 = Release|Any CPU
		{C9C1ECC5-2F3B-47F6-947B-931F261C5E2D}.Debug|Any CPU.ActiveCfg = Debug|Any CPU
		{C9C1ECC5-2F3B-47F6-947B-931F261C5E2D}.Debug|Any CPU.Build.0 = Debug|Any CPU
		{C9C1ECC5-2F3B-47F6-947B-931F261C5E2D}.Debug|x64.ActiveCfg = Debug|Any CPU
		{C9C1ECC5-2F3B-47F6-947B-931F261C5E2D}.Debug|x64.Build.0 = Debug|Any CPU
		{C9C1ECC5-2F3B-47F6-947B-931F261C5E2D}.Debug|x86.ActiveCfg = Debug|Any CPU
		{C9C1ECC5-2F3B-47F6-947B-931F261C5E2D}.Debug|x86.Build.0 = Debug|Any CPU
		{C9C1ECC5-2F3B-47F6-947B-931F261C5E2D}.Release|Any CPU.ActiveCfg = Release|Any CPU
		{C9C1ECC5-2F3B-47F6-947B-931F261C5E2D}.Release|Any CPU.Build.0 = Release|Any CPU
		{C9C1ECC5-2F3B-47F6-947B-931F261C5E2D}.Release|x64.ActiveCfg = Release|Any CPU
		{C9C1ECC5-2F3B-47F6-947B-931F261C5E2D}.Release|x64.Build.0 = Release|Any CPU
		{C9C1ECC5-2F3B-47F6-947B-931F261C5E2D}.Release|x86.ActiveCfg = Release|Any CPU
		{C9C1ECC5-2F3B-47F6-947B-931F261C5E2D}.Release|x86.Build.0 = Release|Any CPU
		{6367B08E-F306-450F-9AB0-668B8D2234EE}.Debug|Any CPU.ActiveCfg = Debug|Any CPU
		{6367B08E-F306-450F-9AB0-668B8D2234EE}.Debug|Any CPU.Build.0 = Debug|Any CPU
		{6367B08E-F306-450F-9AB0-668B8D2234EE}.Debug|x64.ActiveCfg = Debug|Any CPU
		{6367B08E-F306-450F-9AB0-668B8D2234EE}.Debug|x64.Build.0 = Debug|Any CPU
		{6367B08E-F306-450F-9AB0-668B8D2234EE}.Debug|x86.ActiveCfg = Debug|Any CPU
		{6367B08E-F306-450F-9AB0-668B8D2234EE}.Debug|x86.Build.0 = Debug|Any CPU
		{6367B08E-F306-450F-9AB0-668B8D2234EE}.Release|Any CPU.ActiveCfg = Release|Any CPU
		{6367B08E-F306-450F-9AB0-668B8D2234EE}.Release|Any CPU.Build.0 = Release|Any CPU
		{6367B08E-F306-450F-9AB0-668B8D2234EE}.Release|x64.ActiveCfg = Release|Any CPU
		{6367B08E-F306-450F-9AB0-668B8D2234EE}.Release|x64.Build.0 = Release|Any CPU
		{6367B08E-F306-450F-9AB0-668B8D2234EE}.Release|x86.ActiveCfg = Release|Any CPU
		{6367B08E-F306-450F-9AB0-668B8D2234EE}.Release|x86.Build.0 = Release|Any CPU
		{A58A4508-E6C1-4FCF-85DA-58C4EAEA5751}.Debug|Any CPU.ActiveCfg = Debug|Any CPU
		{A58A4508-E6C1-4FCF-85DA-58C4EAEA5751}.Debug|Any CPU.Build.0 = Debug|Any CPU
		{A58A4508-E6C1-4FCF-85DA-58C4EAEA5751}.Debug|x64.ActiveCfg = Debug|Any CPU
		{A58A4508-E6C1-4FCF-85DA-58C4EAEA5751}.Debug|x64.Build.0 = Debug|Any CPU
		{A58A4508-E6C1-4FCF-85DA-58C4EAEA5751}.Debug|x86.ActiveCfg = Debug|Any CPU
		{A58A4508-E6C1-4FCF-85DA-58C4EAEA5751}.Debug|x86.Build.0 = Debug|Any CPU
		{A58A4508-E6C1-4FCF-85DA-58C4EAEA5751}.Release|Any CPU.ActiveCfg = Release|Any CPU
		{A58A4508-E6C1-4FCF-85DA-58C4EAEA5751}.Release|Any CPU.Build.0 = Release|Any CPU
		{A58A4508-E6C1-4FCF-85DA-58C4EAEA5751}.Release|x64.ActiveCfg = Release|Any CPU
		{A58A4508-E6C1-4FCF-85DA-58C4EAEA5751}.Release|x64.Build.0 = Release|Any CPU
		{A58A4508-E6C1-4FCF-85DA-58C4EAEA5751}.Release|x86.ActiveCfg = Release|Any CPU
		{A58A4508-E6C1-4FCF-85DA-58C4EAEA5751}.Release|x86.Build.0 = Release|Any CPU
		{38304F31-DCC7-42B6-84C7-8E7127CABBC9}.Debug|Any CPU.ActiveCfg = Debug|Any CPU
		{38304F31-DCC7-42B6-84C7-8E7127CABBC9}.Debug|Any CPU.Build.0 = Debug|Any CPU
		{38304F31-DCC7-42B6-84C7-8E7127CABBC9}.Debug|x64.ActiveCfg = Debug|x64
		{38304F31-DCC7-42B6-84C7-8E7127CABBC9}.Debug|x64.Build.0 = Debug|x64
		{38304F31-DCC7-42B6-84C7-8E7127CABBC9}.Debug|x86.ActiveCfg = Debug|x86
		{38304F31-DCC7-42B6-84C7-8E7127CABBC9}.Debug|x86.Build.0 = Debug|x86
		{38304F31-DCC7-42B6-84C7-8E7127CABBC9}.Release|Any CPU.ActiveCfg = Release|Any CPU
		{38304F31-DCC7-42B6-84C7-8E7127CABBC9}.Release|Any CPU.Build.0 = Release|Any CPU
		{38304F31-DCC7-42B6-84C7-8E7127CABBC9}.Release|x64.ActiveCfg = Release|x64
		{38304F31-DCC7-42B6-84C7-8E7127CABBC9}.Release|x64.Build.0 = Release|x64
		{38304F31-DCC7-42B6-84C7-8E7127CABBC9}.Release|x86.ActiveCfg = Release|x86
		{38304F31-DCC7-42B6-84C7-8E7127CABBC9}.Release|x86.Build.0 = Release|x86
		{5F7EB2B6-465B-4F1C-A164-2C933B25F7C1}.Debug|Any CPU.ActiveCfg = Debug|Any CPU
		{5F7EB2B6-465B-4F1C-A164-2C933B25F7C1}.Debug|Any CPU.Build.0 = Debug|Any CPU
		{5F7EB2B6-465B-4F1C-A164-2C933B25F7C1}.Debug|x64.ActiveCfg = Debug|Any CPU
		{5F7EB2B6-465B-4F1C-A164-2C933B25F7C1}.Debug|x64.Build.0 = Debug|Any CPU
		{5F7EB2B6-465B-4F1C-A164-2C933B25F7C1}.Debug|x86.ActiveCfg = Debug|Any CPU
		{5F7EB2B6-465B-4F1C-A164-2C933B25F7C1}.Debug|x86.Build.0 = Debug|Any CPU
		{5F7EB2B6-465B-4F1C-A164-2C933B25F7C1}.Release|Any CPU.ActiveCfg = Release|Any CPU
		{5F7EB2B6-465B-4F1C-A164-2C933B25F7C1}.Release|Any CPU.Build.0 = Release|Any CPU
		{5F7EB2B6-465B-4F1C-A164-2C933B25F7C1}.Release|x64.ActiveCfg = Release|Any CPU
		{5F7EB2B6-465B-4F1C-A164-2C933B25F7C1}.Release|x64.Build.0 = Release|Any CPU
		{5F7EB2B6-465B-4F1C-A164-2C933B25F7C1}.Release|x86.ActiveCfg = Release|Any CPU
		{5F7EB2B6-465B-4F1C-A164-2C933B25F7C1}.Release|x86.Build.0 = Release|Any CPU
		{37DE57D4-09DB-4388-81BD-1C1AE958DD14}.Debug|Any CPU.ActiveCfg = Debug|Any CPU
		{37DE57D4-09DB-4388-81BD-1C1AE958DD14}.Debug|Any CPU.Build.0 = Debug|Any CPU
		{37DE57D4-09DB-4388-81BD-1C1AE958DD14}.Debug|x64.ActiveCfg = Debug|Any CPU
		{37DE57D4-09DB-4388-81BD-1C1AE958DD14}.Debug|x64.Build.0 = Debug|Any CPU
		{37DE57D4-09DB-4388-81BD-1C1AE958DD14}.Debug|x86.ActiveCfg = Debug|Any CPU
		{37DE57D4-09DB-4388-81BD-1C1AE958DD14}.Debug|x86.Build.0 = Debug|Any CPU
		{37DE57D4-09DB-4388-81BD-1C1AE958DD14}.Release|Any CPU.ActiveCfg = Release|Any CPU
		{37DE57D4-09DB-4388-81BD-1C1AE958DD14}.Release|Any CPU.Build.0 = Release|Any CPU
		{37DE57D4-09DB-4388-81BD-1C1AE958DD14}.Release|x64.ActiveCfg = Release|Any CPU
		{37DE57D4-09DB-4388-81BD-1C1AE958DD14}.Release|x64.Build.0 = Release|Any CPU
		{37DE57D4-09DB-4388-81BD-1C1AE958DD14}.Release|x86.ActiveCfg = Release|Any CPU
		{37DE57D4-09DB-4388-81BD-1C1AE958DD14}.Release|x86.Build.0 = Release|Any CPU
		{8C993F06-4162-4111-B4B9-F9A6FD1E0218}.Debug|Any CPU.ActiveCfg = Debug|Any CPU
		{8C993F06-4162-4111-B4B9-F9A6FD1E0218}.Debug|Any CPU.Build.0 = Debug|Any CPU
		{8C993F06-4162-4111-B4B9-F9A6FD1E0218}.Debug|x64.ActiveCfg = Debug|Any CPU
		{8C993F06-4162-4111-B4B9-F9A6FD1E0218}.Debug|x64.Build.0 = Debug|Any CPU
		{8C993F06-4162-4111-B4B9-F9A6FD1E0218}.Debug|x86.ActiveCfg = Debug|Any CPU
		{8C993F06-4162-4111-B4B9-F9A6FD1E0218}.Debug|x86.Build.0 = Debug|Any CPU
		{8C993F06-4162-4111-B4B9-F9A6FD1E0218}.Release|Any CPU.ActiveCfg = Release|Any CPU
		{8C993F06-4162-4111-B4B9-F9A6FD1E0218}.Release|Any CPU.Build.0 = Release|Any CPU
		{8C993F06-4162-4111-B4B9-F9A6FD1E0218}.Release|x64.ActiveCfg = Release|Any CPU
		{8C993F06-4162-4111-B4B9-F9A6FD1E0218}.Release|x64.Build.0 = Release|Any CPU
		{8C993F06-4162-4111-B4B9-F9A6FD1E0218}.Release|x86.ActiveCfg = Release|Any CPU
		{8C993F06-4162-4111-B4B9-F9A6FD1E0218}.Release|x86.Build.0 = Release|Any CPU
		{6C08D5B2-C91C-47D6-803B-ED7419343842}.Debug|Any CPU.ActiveCfg = Debug|Any CPU
		{6C08D5B2-C91C-47D6-803B-ED7419343842}.Debug|Any CPU.Build.0 = Debug|Any CPU
		{6C08D5B2-C91C-47D6-803B-ED7419343842}.Debug|x64.ActiveCfg = Debug|Any CPU
		{6C08D5B2-C91C-47D6-803B-ED7419343842}.Debug|x64.Build.0 = Debug|Any CPU
		{6C08D5B2-C91C-47D6-803B-ED7419343842}.Debug|x86.ActiveCfg = Debug|Any CPU
		{6C08D5B2-C91C-47D6-803B-ED7419343842}.Debug|x86.Build.0 = Debug|Any CPU
		{6C08D5B2-C91C-47D6-803B-ED7419343842}.Release|Any CPU.ActiveCfg = Release|Any CPU
		{6C08D5B2-C91C-47D6-803B-ED7419343842}.Release|Any CPU.Build.0 = Release|Any CPU
		{6C08D5B2-C91C-47D6-803B-ED7419343842}.Release|x64.ActiveCfg = Release|Any CPU
		{6C08D5B2-C91C-47D6-803B-ED7419343842}.Release|x64.Build.0 = Release|Any CPU
		{6C08D5B2-C91C-47D6-803B-ED7419343842}.Release|x86.ActiveCfg = Release|Any CPU
		{6C08D5B2-C91C-47D6-803B-ED7419343842}.Release|x86.Build.0 = Release|Any CPU
		{F78AF3D0-5910-496A-8747-74583DF439BF}.Debug|Any CPU.ActiveCfg = Debug|Any CPU
		{F78AF3D0-5910-496A-8747-74583DF439BF}.Debug|Any CPU.Build.0 = Debug|Any CPU
		{F78AF3D0-5910-496A-8747-74583DF439BF}.Debug|x64.ActiveCfg = Debug|Any CPU
		{F78AF3D0-5910-496A-8747-74583DF439BF}.Debug|x64.Build.0 = Debug|Any CPU
		{F78AF3D0-5910-496A-8747-74583DF439BF}.Debug|x86.ActiveCfg = Debug|Any CPU
		{F78AF3D0-5910-496A-8747-74583DF439BF}.Debug|x86.Build.0 = Debug|Any CPU
		{F78AF3D0-5910-496A-8747-74583DF439BF}.Release|Any CPU.ActiveCfg = Release|Any CPU
		{F78AF3D0-5910-496A-8747-74583DF439BF}.Release|Any CPU.Build.0 = Release|Any CPU
		{F78AF3D0-5910-496A-8747-74583DF439BF}.Release|x64.ActiveCfg = Release|Any CPU
		{F78AF3D0-5910-496A-8747-74583DF439BF}.Release|x64.Build.0 = Release|Any CPU
		{F78AF3D0-5910-496A-8747-74583DF439BF}.Release|x86.ActiveCfg = Release|Any CPU
		{F78AF3D0-5910-496A-8747-74583DF439BF}.Release|x86.Build.0 = Release|Any CPU
		{DD5A6AE3-0A3B-4EFF-AA76-9DAF37D55555}.Debug|Any CPU.ActiveCfg = Debug|Any CPU
		{DD5A6AE3-0A3B-4EFF-AA76-9DAF37D55555}.Debug|Any CPU.Build.0 = Debug|Any CPU
		{DD5A6AE3-0A3B-4EFF-AA76-9DAF37D55555}.Debug|x64.ActiveCfg = Debug|Any CPU
		{DD5A6AE3-0A3B-4EFF-AA76-9DAF37D55555}.Debug|x64.Build.0 = Debug|Any CPU
		{DD5A6AE3-0A3B-4EFF-AA76-9DAF37D55555}.Debug|x86.ActiveCfg = Debug|Any CPU
		{DD5A6AE3-0A3B-4EFF-AA76-9DAF37D55555}.Debug|x86.Build.0 = Debug|Any CPU
		{DD5A6AE3-0A3B-4EFF-AA76-9DAF37D55555}.Release|Any CPU.ActiveCfg = Release|Any CPU
		{DD5A6AE3-0A3B-4EFF-AA76-9DAF37D55555}.Release|Any CPU.Build.0 = Release|Any CPU
		{DD5A6AE3-0A3B-4EFF-AA76-9DAF37D55555}.Release|x64.ActiveCfg = Release|Any CPU
		{DD5A6AE3-0A3B-4EFF-AA76-9DAF37D55555}.Release|x64.Build.0 = Release|Any CPU
		{DD5A6AE3-0A3B-4EFF-AA76-9DAF37D55555}.Release|x86.ActiveCfg = Release|Any CPU
		{DD5A6AE3-0A3B-4EFF-AA76-9DAF37D55555}.Release|x86.Build.0 = Release|Any CPU
	EndGlobalSection
	GlobalSection(SolutionProperties) = preSolution
		HideSolutionNode = FALSE
	EndGlobalSection
	GlobalSection(ExtensibilityGlobals) = postSolution
		SolutionGuid = {BBF3A9F6-71FA-468C-937C-30DCD27454CE}
	EndGlobalSection
EndGlobal
